// !$*UTF8*$!
{
	archiveVersion = 1;
	classes = {
	};
	objectVersion = 46;
	objects = {

/* Begin PBXBuildFile section */
		0925F1031B22CE71008F0036 /* lua_assetsmanager_test_sample.cpp in Sources */ = {isa = PBXBuildFile; fileRef = 0925F1011B22CE71008F0036 /* lua_assetsmanager_test_sample.cpp */; };
		0925F1041B22CE71008F0036 /* lua_assetsmanager_test_sample.cpp in Sources */ = {isa = PBXBuildFile; fileRef = 0925F1011B22CE71008F0036 /* lua_assetsmanager_test_sample.cpp */; };
		0980D7321B25C04D00B1D516 /* CCCrypto.cpp in Sources */ = {isa = PBXBuildFile; fileRef = 0980D72A1B25C04D00B1D516 /* CCCrypto.cpp */; };
		0980D7331B25C04D00B1D516 /* CCCrypto.cpp in Sources */ = {isa = PBXBuildFile; fileRef = 0980D72A1B25C04D00B1D516 /* CCCrypto.cpp */; };
		0980D7341B25C04D00B1D516 /* md5.c in Sources */ = {isa = PBXBuildFile; fileRef = 0980D72D1B25C04D00B1D516 /* md5.c */; };
		0980D7351B25C04D00B1D516 /* md5.c in Sources */ = {isa = PBXBuildFile; fileRef = 0980D72D1B25C04D00B1D516 /* md5.c */; };
		0980D7361B25C04D00B1D516 /* cocos2dx_extra_luabinding.cpp in Sources */ = {isa = PBXBuildFile; fileRef = 0980D7301B25C04D00B1D516 /* cocos2dx_extra_luabinding.cpp */; };
		0980D7371B25C04D00B1D516 /* cocos2dx_extra_luabinding.cpp in Sources */ = {isa = PBXBuildFile; fileRef = 0980D7301B25C04D00B1D516 /* cocos2dx_extra_luabinding.cpp */; };
		099D3AB51B2ACFC90014F44E /* CoreTelephony.framework in Frameworks */ = {isa = PBXBuildFile; fileRef = 099D3AB41B2ACFC90014F44E /* CoreTelephony.framework */; };
		09D421F11B1D9F8A00BEEFA3 /* StoreKit.framework in Frameworks */ = {isa = PBXBuildFile; fileRef = 09D421F01B1D9F8A00BEEFA3 /* StoreKit.framework */; };
		09D428791B26F0A500DEB7E3 /* ULKeyChain.m in Sources */ = {isa = PBXBuildFile; fileRef = 09D428781B26F0A500DEB7E3 /* ULKeyChain.m */; };
		09D4287A1B26F0A500DEB7E3 /* ULKeyChain.m in Sources */ = {isa = PBXBuildFile; fileRef = 09D428781B26F0A500DEB7E3 /* ULKeyChain.m */; };
		09D4287C1B26F87000DEB7E3 /* Security.framework in Frameworks */ = {isa = PBXBuildFile; fileRef = 09D4287B1B26F87000DEB7E3 /* Security.framework */; };
		09D4D2601AFA409A00621B86 /* lua_extensions_more.c in Sources */ = {isa = PBXBuildFile; fileRef = 09D4D25E1AFA409A00621B86 /* lua_extensions_more.c */; };
		09D604EF1AFAF57500DC14EF /* lpack.c in Sources */ = {isa = PBXBuildFile; fileRef = 09D604ED1AFAF57500DC14EF /* lpack.c */; };
		09D604F01AFAF57500DC14EF /* lpack.c in Sources */ = {isa = PBXBuildFile; fileRef = 09D604ED1AFAF57500DC14EF /* lpack.c */; };
		09D604F11AFAF6CD00DC14EF /* lua_extensions_more.c in Sources */ = {isa = PBXBuildFile; fileRef = 09D4D25E1AFA409A00621B86 /* lua_extensions_more.c */; };
		09DA3D651B2EF59F0080D042 /* Cocoa.framework in Frameworks */ = {isa = PBXBuildFile; fileRef = 09DA3D641B2EF59F0080D042 /* Cocoa.framework */; };
		09DA3D661B2EF5FE0080D042 /* IOKit.framework in Frameworks */ = {isa = PBXBuildFile; fileRef = 09DA3D621B2EF5430080D042 /* IOKit.framework */; };
		09EBE8AE1B1E913D000EF6BE /* ULNativeController.mm in Sources */ = {isa = PBXBuildFile; fileRef = 09EBE8AD1B1E913D000EF6BE /* ULNativeController.mm */; };
		09EBE8AF1B1E913D000EF6BE /* ULNativeController.mm in Sources */ = {isa = PBXBuildFile; fileRef = 09EBE8AD1B1E913D000EF6BE /* ULNativeController.mm */; };
		09EBE8B71B1E964D000EF6BE /* ULSharedClass.m in Sources */ = {isa = PBXBuildFile; fileRef = 09EBE8B61B1E964D000EF6BE /* ULSharedClass.m */; };
		09EBE8BD1B1E9D0D000EF6BE /* ULSharedClass.m in Sources */ = {isa = PBXBuildFile; fileRef = 09EBE8B61B1E964D000EF6BE /* ULSharedClass.m */; };
		15427CD3198F221400DC375D /* libcocos2d iOS.a in Frameworks */ = {isa = PBXBuildFile; fileRef = 15A8A4251834BDA200142BE0 /* libcocos2d iOS.a */; };
		15427CD5198F222200DC375D /* libluacocos2d iOS.a in Frameworks */ = {isa = PBXBuildFile; fileRef = 15427CD2198F220600DC375D /* libluacocos2d iOS.a */; };
		15427CEC198F24A600DC375D /* libluacocos2d Mac.a in Frameworks */ = {isa = PBXBuildFile; fileRef = 15427CC2198F220600DC375D /* libluacocos2d Mac.a */; };
		15427CEE198F24AF00DC375D /* libcocos2d Mac.a in Frameworks */ = {isa = PBXBuildFile; fileRef = 15A8A4171834BDA200142BE0 /* libcocos2d Mac.a */; };
		15A8A4491834C64F00142BE0 /* Icon-114.png in Resources */ = {isa = PBXBuildFile; fileRef = 5023810C17EBBCAC00990C9B /* Icon-114.png */; };
		15A8A4881834C90F00142BE0 /* libcurl.dylib in Frameworks */ = {isa = PBXBuildFile; fileRef = 15A8A4871834C90E00142BE0 /* libcurl.dylib */; };
		1AF4C403178663F200122817 /* libz.dylib in Frameworks */ = {isa = PBXBuildFile; fileRef = 1AF4C402178663F200122817 /* libz.dylib */; };
		3EEEDB61197107C0006A9FF8 /* MediaPlayer.framework in Frameworks */ = {isa = PBXBuildFile; fileRef = 3EEEDB60197107C0006A9FF8 /* MediaPlayer.framework */; };
		5023811817EBBCAC00990C9B /* AppController.mm in Sources */ = {isa = PBXBuildFile; fileRef = 5023810817EBBCAC00990C9B /* AppController.mm */; };
		5023811917EBBCAC00990C9B /* Default-568h@2x.png in Resources */ = {isa = PBXBuildFile; fileRef = 5023810917EBBCAC00990C9B /* Default-568h@2x.png */; };
		5023811A17EBBCAC00990C9B /* Default.png in Resources */ = {isa = PBXBuildFile; fileRef = 5023810A17EBBCAC00990C9B /* Default.png */; };
		5023811B17EBBCAC00990C9B /* Default@2x.png in Resources */ = {isa = PBXBuildFile; fileRef = 5023810B17EBBCAC00990C9B /* Default@2x.png */; };
		5023811D17EBBCAC00990C9B /* Icon-120.png in Resources */ = {isa = PBXBuildFile; fileRef = 5023810D17EBBCAC00990C9B /* Icon-120.png */; };
		5023811E17EBBCAC00990C9B /* Icon-144.png in Resources */ = {isa = PBXBuildFile; fileRef = 5023810E17EBBCAC00990C9B /* Icon-144.png */; };
		5023811F17EBBCAC00990C9B /* Icon-152.png in Resources */ = {isa = PBXBuildFile; fileRef = 5023810F17EBBCAC00990C9B /* Icon-152.png */; };
		5023812017EBBCAC00990C9B /* Icon-57.png in Resources */ = {isa = PBXBuildFile; fileRef = 5023811017EBBCAC00990C9B /* Icon-57.png */; };
		5023812117EBBCAC00990C9B /* Icon-72.png in Resources */ = {isa = PBXBuildFile; fileRef = 5023811117EBBCAC00990C9B /* Icon-72.png */; };
		5023812217EBBCAC00990C9B /* Icon-76.png in Resources */ = {isa = PBXBuildFile; fileRef = 5023811217EBBCAC00990C9B /* Icon-76.png */; };
		5023812417EBBCAC00990C9B /* main.m in Sources */ = {isa = PBXBuildFile; fileRef = 5023811417EBBCAC00990C9B /* main.m */; };
		5023812517EBBCAC00990C9B /* RootViewController.mm in Sources */ = {isa = PBXBuildFile; fileRef = 5023811717EBBCAC00990C9B /* RootViewController.mm */; };
		5023813317EBBCE400990C9B /* AppDelegate.cpp in Sources */ = {isa = PBXBuildFile; fileRef = F293BB7E15EB831F00256477 /* AppDelegate.cpp */; };
		5023813717EBBCE400990C9B /* libz.dylib in Frameworks */ = {isa = PBXBuildFile; fileRef = 1AF4C402178663F200122817 /* libz.dylib */; };
		5023813E17EBBCE400990C9B /* QuartzCore.framework in Frameworks */ = {isa = PBXBuildFile; fileRef = F293B3CC15EB7BE500256477 /* QuartzCore.framework */; };
		5023814017EBBCE400990C9B /* OpenAL.framework in Frameworks */ = {isa = PBXBuildFile; fileRef = F293B3D015EB7BE500256477 /* OpenAL.framework */; };
		5023814117EBBCE400990C9B /* AudioToolbox.framework in Frameworks */ = {isa = PBXBuildFile; fileRef = F293B3D215EB7BE500256477 /* AudioToolbox.framework */; };
		5023814417EBBCE400990C9B /* Foundation.framework in Frameworks */ = {isa = PBXBuildFile; fileRef = F293B3D815EB7BE500256477 /* Foundation.framework */; };
		5023814517EBBCE400990C9B /* CoreGraphics.framework in Frameworks */ = {isa = PBXBuildFile; fileRef = F293B3DA15EB7BE500256477 /* CoreGraphics.framework */; };
		5023817617EBBE3400990C9B /* Icon.icns in Resources */ = {isa = PBXBuildFile; fileRef = 5023817217EBBE3400990C9B /* Icon.icns */; };
		5023817A17EBBE8300990C9B /* OpenGLES.framework in Frameworks */ = {isa = PBXBuildFile; fileRef = 5023817917EBBE8300990C9B /* OpenGLES.framework */; };
		50805AAF17EBBEAA004CFAD3 /* UIKit.framework in Frameworks */ = {isa = PBXBuildFile; fileRef = 50805AAE17EBBEAA004CFAD3 /* UIKit.framework */; };
		5091733617ECE17A00D62437 /* Icon-29.png in Resources */ = {isa = PBXBuildFile; fileRef = 5091733017ECE17A00D62437 /* Icon-29.png */; };
		5091733717ECE17A00D62437 /* Icon-40.png in Resources */ = {isa = PBXBuildFile; fileRef = 5091733117ECE17A00D62437 /* Icon-40.png */; };
		5091733817ECE17A00D62437 /* Icon-50.png in Resources */ = {isa = PBXBuildFile; fileRef = 5091733217ECE17A00D62437 /* Icon-50.png */; };
		5091733917ECE17A00D62437 /* Icon-58.png in Resources */ = {isa = PBXBuildFile; fileRef = 5091733317ECE17A00D62437 /* Icon-58.png */; };
		5091733A17ECE17A00D62437 /* Icon-80.png in Resources */ = {isa = PBXBuildFile; fileRef = 5091733417ECE17A00D62437 /* Icon-80.png */; };
		5091733B17ECE17A00D62437 /* Icon-100.png in Resources */ = {isa = PBXBuildFile; fileRef = 5091733517ECE17A00D62437 /* Icon-100.png */; };
		50D7C96C17EBBEDF005D0B91 /* OpenGL.framework in Frameworks */ = {isa = PBXBuildFile; fileRef = 50D7C96B17EBBEDF005D0B91 /* OpenGL.framework */; };
		5200BECA1A53D9A500AC45E4 /* Security.framework in Frameworks */ = {isa = PBXBuildFile; fileRef = 5200BEC91A53D9A500AC45E4 /* Security.framework */; };
		521A8E7019F0C3D200D177D7 /* Default-667h@2x.png in Resources */ = {isa = PBXBuildFile; fileRef = 521A8E6E19F0C3D200D177D7 /* Default-667h@2x.png */; };
		521A8E7119F0C3D200D177D7 /* Default-736h@3x.png in Resources */ = {isa = PBXBuildFile; fileRef = 521A8E6F19F0C3D200D177D7 /* Default-736h@3x.png */; };
		553EF1211AF8C62F00E99153 /* fpconv.c in Sources */ = {isa = PBXBuildFile; fileRef = 553EF11B1AF8C62F00E99153 /* fpconv.c */; };
		553EF1221AF8C62F00E99153 /* fpconv.c in Sources */ = {isa = PBXBuildFile; fileRef = 553EF11B1AF8C62F00E99153 /* fpconv.c */; };
		553EF1231AF8C62F00E99153 /* lua_cjson.c in Sources */ = {isa = PBXBuildFile; fileRef = 553EF11D1AF8C62F00E99153 /* lua_cjson.c */; };
		553EF1241AF8C62F00E99153 /* lua_cjson.c in Sources */ = {isa = PBXBuildFile; fileRef = 553EF11D1AF8C62F00E99153 /* lua_cjson.c */; };
		553EF1251AF8C62F00E99153 /* strbuf.c in Sources */ = {isa = PBXBuildFile; fileRef = 553EF11F1AF8C62F00E99153 /* strbuf.c */; };
		553EF1261AF8C62F00E99153 /* strbuf.c in Sources */ = {isa = PBXBuildFile; fileRef = 553EF11F1AF8C62F00E99153 /* strbuf.c */; };
		9FC760431A67791200D1E6E7 /* lang in Resources */ = {isa = PBXBuildFile; fileRef = 9FC760401A67791200D1E6E7 /* lang */; };
		9FC760451A677A4A00D1E6E7 /* SimpleConfigParser.cpp in Sources */ = {isa = PBXBuildFile; fileRef = 9FC760411A67791200D1E6E7 /* SimpleConfigParser.cpp */; };
		9FF504841A5E87B100AFDA55 /* ConsoleWindow.xib in Resources */ = {isa = PBXBuildFile; fileRef = 9FF504811A5E87B100AFDA55 /* ConsoleWindow.xib */; };
		9FF504851A5E87B100AFDA55 /* ConsoleWindowController.m in Sources */ = {isa = PBXBuildFile; fileRef = 9FF504831A5E87B100AFDA55 /* ConsoleWindowController.m */; };
		9FF504861A5E881200AFDA55 /* libsimulator Mac.a in Frameworks */ = {isa = PBXBuildFile; fileRef = 9FF5047E1A5E86D600AFDA55 /* libsimulator Mac.a */; };
		9FF504871A5E88CE00AFDA55 /* libsimulator iOS.a in Frameworks */ = {isa = PBXBuildFile; fileRef = 9FF504801A5E86D600AFDA55 /* libsimulator iOS.a */; };
		A805A3461B1FFFEF005D0687 /* SystemConfiguration.framework in Frameworks */ = {isa = PBXBuildFile; fileRef = A805A3451B1FFFEF005D0687 /* SystemConfiguration.framework */; };
		A805A34C1B200013005D0687 /* libicucore.dylib in Frameworks */ = {isa = PBXBuildFile; fileRef = A805A34B1B200013005D0687 /* libicucore.dylib */; };
		A805A34E1B20001D005D0687 /* libz.1.2.5.dylib in Frameworks */ = {isa = PBXBuildFile; fileRef = A805A34D1B20001D005D0687 /* libz.1.2.5.dylib */; };
		A805A3501B200025005D0687 /* Security.framework in Frameworks */ = {isa = PBXBuildFile; fileRef = A805A34F1B200025005D0687 /* Security.framework */; };
		A8702C2B1B316326007E95C1 /* CoreMedia.framework in Frameworks */ = {isa = PBXBuildFile; fileRef = A8702C2A1B316326007E95C1 /* CoreMedia.framework */; };
		A8702C2D1B31632E007E95C1 /* MediaPlayer.framework in Frameworks */ = {isa = PBXBuildFile; fileRef = A8702C2C1B31632E007E95C1 /* MediaPlayer.framework */; };
		A8702C2F1B316340007E95C1 /* AudioToolbox.framework in Frameworks */ = {isa = PBXBuildFile; fileRef = A8702C2E1B316340007E95C1 /* AudioToolbox.framework */; };
		A8702C311B316345007E95C1 /* AVFoundation.framework in Frameworks */ = {isa = PBXBuildFile; fileRef = A8702C301B316345007E95C1 /* AVFoundation.framework */; };
		A8702C331B316352007E95C1 /* PassKit.framework in Frameworks */ = {isa = PBXBuildFile; fileRef = A8702C321B316352007E95C1 /* PassKit.framework */; };
		A8702C351B31635C007E95C1 /* EventKit.framework in Frameworks */ = {isa = PBXBuildFile; fileRef = A8702C341B31635C007E95C1 /* EventKit.framework */; };
		A8702C371B316369007E95C1 /* Social.framework in Frameworks */ = {isa = PBXBuildFile; fileRef = A8702C361B316369007E95C1 /* Social.framework */; };
		A8702C391B316388007E95C1 /* CoreLocation.framework in Frameworks */ = {isa = PBXBuildFile; fileRef = A8702C381B316388007E95C1 /* CoreLocation.framework */; };
		A8702C3B1B316394007E95C1 /* MessageUI.framework in Frameworks */ = {isa = PBXBuildFile; fileRef = A8702C3A1B316394007E95C1 /* MessageUI.framework */; };
		A8702C3D1B3163A0007E95C1 /* CoreTelephony.framework in Frameworks */ = {isa = PBXBuildFile; fileRef = A8702C3C1B3163A0007E95C1 /* CoreTelephony.framework */; };
		A8702C3F1B3166A9007E95C1 /* CoreText.framework in Frameworks */ = {isa = PBXBuildFile; fileRef = A8702C3E1B3166A9007E95C1 /* CoreText.framework */; };
		A8FF81401B3030430045087D /* 3guADBundle.bundle in Resources */ = {isa = PBXBuildFile; fileRef = A8FF811D1B3030430045087D /* 3guADBundle.bundle */; };
		A8FF81411B3030430045087D /* lib3guADSDK.a in Frameworks */ = {isa = PBXBuildFile; fileRef = A8FF81221B3030430045087D /* lib3guADSDK.a */; };
		A8FF81421B3030430045087D /* WeChatConnection.framework in Frameworks */ = {isa = PBXBuildFile; fileRef = A8FF81251B3030430045087D /* WeChatConnection.framework */; };
		A8FF81431B3030430045087D /* AGCommon.framework in Frameworks */ = {isa = PBXBuildFile; fileRef = A8FF81271B3030430045087D /* AGCommon.framework */; };
		A8FF81441B3030430045087D /* ShareSDKLocalizable.strings in Resources */ = {isa = PBXBuildFile; fileRef = A8FF81281B3030430045087D /* ShareSDKLocalizable.strings */; };
		A8FF81451B3030430045087D /* Resource.bundle in Resources */ = {isa = PBXBuildFile; fileRef = A8FF812A1B3030430045087D /* Resource.bundle */; };
		A8FF81461B3030430045087D /* ShareSDKCoreService.framework in Frameworks */ = {isa = PBXBuildFile; fileRef = A8FF812B1B3030430045087D /* ShareSDKCoreService.framework */; };
		A8FF81471B3030430045087D /* libWeChatSDK.a in Frameworks */ = {isa = PBXBuildFile; fileRef = A8FF812F1B3030430045087D /* libWeChatSDK.a */; };
		A8FF81481B3030440045087D /* ShareSDK.framework in Frameworks */ = {isa = PBXBuildFile; fileRef = A8FF81321B3030430045087D /* ShareSDK.framework */; };
		A8FF81491B3030440045087D /* ShareSDKFlatShareViewUI.bundle in Resources */ = {isa = PBXBuildFile; fileRef = A8FF81341B3030430045087D /* ShareSDKFlatShareViewUI.bundle */; };
		A8FF814A1B3030440045087D /* ShareSDKFlatShareViewUI.framework in Frameworks */ = {isa = PBXBuildFile; fileRef = A8FF81351B3030430045087D /* ShareSDKFlatShareViewUI.framework */; };
		A8FF814B1B3030440045087D /* ShareSDKiPadDefaultShareViewUI.bundle in Resources */ = {isa = PBXBuildFile; fileRef = A8FF81361B3030430045087D /* ShareSDKiPadDefaultShareViewUI.bundle */; };
		A8FF814C1B3030440045087D /* ShareSDKiPadDefaultShareViewUI.framework in Frameworks */ = {isa = PBXBuildFile; fileRef = A8FF81371B3030430045087D /* ShareSDKiPadDefaultShareViewUI.framework */; };
		A8FF814D1B3030440045087D /* ShareSDKiPadSimpleShareViewUI.bundle in Resources */ = {isa = PBXBuildFile; fileRef = A8FF81381B3030430045087D /* ShareSDKiPadSimpleShareViewUI.bundle */; };
		A8FF814E1B3030440045087D /* ShareSDKiPadSimpleShareViewUI.framework in Frameworks */ = {isa = PBXBuildFile; fileRef = A8FF81391B3030430045087D /* ShareSDKiPadSimpleShareViewUI.framework */; };
		A8FF814F1B3030440045087D /* ShareSDKiPhoneAppRecommendShareViewUI.framework in Frameworks */ = {isa = PBXBuildFile; fileRef = A8FF813A1B3030430045087D /* ShareSDKiPhoneAppRecommendShareViewUI.framework */; };
		A8FF81501B3030440045087D /* ShareSDKiPhoneDefaultShareViewUI.bundle in Resources */ = {isa = PBXBuildFile; fileRef = A8FF813B1B3030430045087D /* ShareSDKiPhoneDefaultShareViewUI.bundle */; };
		A8FF81511B3030440045087D /* ShareSDKiPhoneDefaultShareViewUI.framework in Frameworks */ = {isa = PBXBuildFile; fileRef = A8FF813C1B3030430045087D /* ShareSDKiPhoneDefaultShareViewUI.framework */; };
		A8FF81521B3030440045087D /* ShareSDKiPhoneSimpleShareViewUI.bundle in Resources */ = {isa = PBXBuildFile; fileRef = A8FF813D1B3030430045087D /* ShareSDKiPhoneSimpleShareViewUI.bundle */; };
		A8FF81531B3030440045087D /* ShareSDKiPhoneSimpleShareViewUI.framework in Frameworks */ = {isa = PBXBuildFile; fileRef = A8FF813E1B3030430045087D /* ShareSDKiPhoneSimpleShareViewUI.framework */; };
		A8FF81541B3030440045087D /* ShareSDKShareActionSheet.framework in Frameworks */ = {isa = PBXBuildFile; fileRef = A8FF813F1B3030430045087D /* ShareSDKShareActionSheet.framework */; };
		A8FF81561B30327A0045087D /* AdSupport.framework in Frameworks */ = {isa = PBXBuildFile; fileRef = A8FF81551B30327A0045087D /* AdSupport.framework */; };
		A8FF81581B3032830045087D /* StoreKit.framework in Frameworks */ = {isa = PBXBuildFile; fileRef = A8FF81571B3032830045087D /* StoreKit.framework */; };
		A8FF815A1B3032970045087D /* ImageIO.framework in Frameworks */ = {isa = PBXBuildFile; fileRef = A8FF81591B3032970045087D /* ImageIO.framework */; };
		A8FF815C1B3032A30045087D /* CoreMotion.framework in Frameworks */ = {isa = PBXBuildFile; fileRef = A8FF815B1B3032A30045087D /* CoreMotion.framework */; };
		A8FF815E1B3032AD0045087D /* libz.dylib in Frameworks */ = {isa = PBXBuildFile; fileRef = A8FF815D1B3032AD0045087D /* libz.dylib */; };
		A8FF81601B3032BA0045087D /* libsqlite3.dylib in Frameworks */ = {isa = PBXBuildFile; fileRef = A8FF815F1B3032BA0045087D /* libsqlite3.dylib */; };
		C03781B918BF655400FE4F13 /* res in Resources */ = {isa = PBXBuildFile; fileRef = C03781B718BF655400FE4F13 /* res */; };
		C03781BA18BF655400FE4F13 /* res in Resources */ = {isa = PBXBuildFile; fileRef = C03781B718BF655400FE4F13 /* res */; };
		C03781BB18BF655400FE4F13 /* src in Resources */ = {isa = PBXBuildFile; fileRef = C03781B818BF655400FE4F13 /* src */; };
		C03781BC18BF655400FE4F13 /* src in Resources */ = {isa = PBXBuildFile; fileRef = C03781B818BF655400FE4F13 /* src */; };
		C05D1C121923449100B808A4 /* config.json in Resources */ = {isa = PBXBuildFile; fileRef = C05D1C111923449100B808A4 /* config.json */; };
		C05D1C131923449100B808A4 /* config.json in Resources */ = {isa = PBXBuildFile; fileRef = C05D1C111923449100B808A4 /* config.json */; };
		C07828F818B4D72E00BD2287 /* main.m in Sources */ = {isa = PBXBuildFile; fileRef = C07828F418B4D72E00BD2287 /* main.m */; };
		C07828FA18B4D72E00BD2287 /* SimulatorApp.mm in Sources */ = {isa = PBXBuildFile; fileRef = C07828F718B4D72E00BD2287 /* SimulatorApp.mm */; };
		D6B061351803AC000077942B /* CoreMotion.framework in Frameworks */ = {isa = PBXBuildFile; fileRef = D6B061341803AC000077942B /* CoreMotion.framework */; };
		F293B3CD15EB7BE500256477 /* QuartzCore.framework in Frameworks */ = {isa = PBXBuildFile; fileRef = F293B3CC15EB7BE500256477 /* QuartzCore.framework */; };
		F293B3D115EB7BE500256477 /* OpenAL.framework in Frameworks */ = {isa = PBXBuildFile; fileRef = F293B3D015EB7BE500256477 /* OpenAL.framework */; };
		F293B3D315EB7BE500256477 /* AudioToolbox.framework in Frameworks */ = {isa = PBXBuildFile; fileRef = F293B3D215EB7BE500256477 /* AudioToolbox.framework */; };
		F293B3D515EB7BE500256477 /* AVFoundation.framework in Frameworks */ = {isa = PBXBuildFile; fileRef = F293B3D415EB7BE500256477 /* AVFoundation.framework */; };
		F293B3D915EB7BE500256477 /* Foundation.framework in Frameworks */ = {isa = PBXBuildFile; fileRef = F293B3D815EB7BE500256477 /* Foundation.framework */; };
		F293B3DB15EB7BE500256477 /* CoreGraphics.framework in Frameworks */ = {isa = PBXBuildFile; fileRef = F293B3DA15EB7BE500256477 /* CoreGraphics.framework */; };
		F293BB9C15EB831F00256477 /* AppDelegate.cpp in Sources */ = {isa = PBXBuildFile; fileRef = F293BB7E15EB831F00256477 /* AppDelegate.cpp */; };
/* End PBXBuildFile section */

/* Begin PBXContainerItemProxy section */
		152A349E199CE72E004B68DC /* PBXContainerItemProxy */ = {
			isa = PBXContainerItemProxy;
			containerPortal = C03781AE18BF654500FE4F13 /* cocos2d_lua_bindings.xcodeproj */;
			proxyType = 1;
			remoteGlobalIDString = 15EFA59E198B2DAA000C57D3;
			remoteInfo = "libluacocos2d iOS";
		};
		152A34B8199CE758004B68DC /* PBXContainerItemProxy */ = {
			isa = PBXContainerItemProxy;
			containerPortal = C03781AE18BF654500FE4F13 /* cocos2d_lua_bindings.xcodeproj */;
			proxyType = 1;
			remoteGlobalIDString = 15C1C255198748D200A46ACC;
			remoteInfo = "libluacocos2d Mac";
		};
		15427CC1198F220600DC375D /* PBXContainerItemProxy */ = {
			isa = PBXContainerItemProxy;
			containerPortal = C03781AE18BF654500FE4F13 /* cocos2d_lua_bindings.xcodeproj */;
			proxyType = 2;
			remoteGlobalIDString = 15C1C2CC198748D200A46ACC;
			remoteInfo = "libluacocos2d Mac";
		};
		15427CD1198F220600DC375D /* PBXContainerItemProxy */ = {
			isa = PBXContainerItemProxy;
			containerPortal = C03781AE18BF654500FE4F13 /* cocos2d_lua_bindings.xcodeproj */;
			proxyType = 2;
			remoteGlobalIDString = 15EFA616198B2DAA000C57D3;
			remoteInfo = "libluacocos2d iOS";
		};
		15A8A4161834BDA200142BE0 /* PBXContainerItemProxy */ = {
			isa = PBXContainerItemProxy;
			containerPortal = 15A8A4031834BDA200142BE0 /* cocos2d_libs.xcodeproj */;
			proxyType = 2;
			remoteGlobalIDString = 1551A33F158F2AB200E66CFE;
			remoteInfo = "cocos2dx Mac";
		};
		15A8A4241834BDA200142BE0 /* PBXContainerItemProxy */ = {
			isa = PBXContainerItemProxy;
			containerPortal = 15A8A4031834BDA200142BE0 /* cocos2d_libs.xcodeproj */;
			proxyType = 2;
			remoteGlobalIDString = A07A4D641783777C0073F6A7;
			remoteInfo = "cocos2dx iOS";
		};
		15D1F3081994BBCA00302043 /* PBXContainerItemProxy */ = {
			isa = PBXContainerItemProxy;
			containerPortal = 15A8A4031834BDA200142BE0 /* cocos2d_libs.xcodeproj */;
			proxyType = 1;
			remoteGlobalIDString = A07A4C241783777C0073F6A7;
			remoteInfo = "libcocos2d iOS";
		};
		9FEE0E431A5FC95000FEA1B0 /* PBXContainerItemProxy */ = {
			isa = PBXContainerItemProxy;
			containerPortal = 9FF504781A5E86D600AFDA55 /* libsimulator.xcodeproj */;
			proxyType = 1;
			remoteGlobalIDString = 9F7214341A5C271F00DAED06;
			remoteInfo = libsimulator;
		};
		9FF5047D1A5E86D600AFDA55 /* PBXContainerItemProxy */ = {
			isa = PBXContainerItemProxy;
			containerPortal = 9FF504781A5E86D600AFDA55 /* libsimulator.xcodeproj */;
			proxyType = 2;
			remoteGlobalIDString = 9F7214351A5C271F00DAED06;
			remoteInfo = libsimulator;
		};
		9FF5047F1A5E86D600AFDA55 /* PBXContainerItemProxy */ = {
			isa = PBXContainerItemProxy;
			containerPortal = 9FF504781A5E86D600AFDA55 /* libsimulator.xcodeproj */;
			proxyType = 2;
			remoteGlobalIDString = 9F7214851A5C28BA00DAED06;
			remoteInfo = libsimulator_iOS;
		};
		9FF504881A5E8B4C00AFDA55 /* PBXContainerItemProxy */ = {
			isa = PBXContainerItemProxy;
			containerPortal = 9FF504781A5E86D600AFDA55 /* libsimulator.xcodeproj */;
			proxyType = 1;
			remoteGlobalIDString = 9F7214841A5C28BA00DAED06;
			remoteInfo = libsimulator_iOS;
		};
		C0A2F04018975FF80072A7AB /* PBXContainerItemProxy */ = {
			isa = PBXContainerItemProxy;
			containerPortal = 15A8A4031834BDA200142BE0 /* cocos2d_libs.xcodeproj */;
			proxyType = 1;
			remoteGlobalIDString = 1551A33E158F2AB200E66CFE;
			remoteInfo = "cocos2dx Mac";
		};
/* End PBXContainerItemProxy section */

/* Begin PBXFileReference section */
		0925F1011B22CE71008F0036 /* lua_assetsmanager_test_sample.cpp */ = {isa = PBXFileReference; fileEncoding = 4; lastKnownFileType = sourcecode.cpp.cpp; name = lua_assetsmanager_test_sample.cpp; path = ../Classes/lua_assetsmanager_test_sample.cpp; sourceTree = "<group>"; };
		0925F1021B22CE71008F0036 /* lua_assetsmanager_test_sample.h */ = {isa = PBXFileReference; fileEncoding = 4; lastKnownFileType = sourcecode.c.h; name = lua_assetsmanager_test_sample.h; path = ../Classes/lua_assetsmanager_test_sample.h; sourceTree = "<group>"; };
		0980D7281B25C04D00B1D516 /* cocos2dx_extra.h */ = {isa = PBXFileReference; fileEncoding = 4; lastKnownFileType = sourcecode.c.h; path = cocos2dx_extra.h; sourceTree = "<group>"; };
		0980D72A1B25C04D00B1D516 /* CCCrypto.cpp */ = {isa = PBXFileReference; fileEncoding = 4; lastKnownFileType = sourcecode.cpp.cpp; path = CCCrypto.cpp; sourceTree = "<group>"; };
		0980D72B1B25C04D00B1D516 /* CCCrypto.h */ = {isa = PBXFileReference; fileEncoding = 4; lastKnownFileType = sourcecode.c.h; path = CCCrypto.h; sourceTree = "<group>"; };
		0980D72D1B25C04D00B1D516 /* md5.c */ = {isa = PBXFileReference; fileEncoding = 4; lastKnownFileType = sourcecode.c.c; path = md5.c; sourceTree = "<group>"; };
		0980D72E1B25C04D00B1D516 /* md5.h */ = {isa = PBXFileReference; fileEncoding = 4; lastKnownFileType = sourcecode.c.h; path = md5.h; sourceTree = "<group>"; };
		0980D7301B25C04D00B1D516 /* cocos2dx_extra_luabinding.cpp */ = {isa = PBXFileReference; fileEncoding = 4; lastKnownFileType = sourcecode.cpp.cpp; path = cocos2dx_extra_luabinding.cpp; sourceTree = "<group>"; };
		0980D7311B25C04D00B1D516 /* cocos2dx_extra_luabinding.h */ = {isa = PBXFileReference; fileEncoding = 4; lastKnownFileType = sourcecode.c.h; path = cocos2dx_extra_luabinding.h; sourceTree = "<group>"; };
		099D3AB41B2ACFC90014F44E /* CoreTelephony.framework */ = {isa = PBXFileReference; lastKnownFileType = wrapper.framework; name = CoreTelephony.framework; path = Platforms/iPhoneOS.platform/Developer/SDKs/iPhoneOS8.1.sdk/System/Library/Frameworks/CoreTelephony.framework; sourceTree = DEVELOPER_DIR; };
		09C4B8E11B131873007091AF /* 巴啦啦小魔仙.entitlements */ = {isa = PBXFileReference; lastKnownFileType = text.xml; path = "巴啦啦小魔仙.entitlements"; sourceTree = "<group>"; };
		09D421E41B1D56F900BEEFA3 /* AdSupport.framework */ = {isa = PBXFileReference; lastKnownFileType = wrapper.framework; name = AdSupport.framework; path = Platforms/iPhoneOS.platform/Developer/SDKs/iPhoneOS8.1.sdk/System/Library/Frameworks/AdSupport.framework; sourceTree = DEVELOPER_DIR; };
		09D421F01B1D9F8A00BEEFA3 /* StoreKit.framework */ = {isa = PBXFileReference; lastKnownFileType = wrapper.framework; name = StoreKit.framework; path = Platforms/iPhoneOS.platform/Developer/SDKs/iPhoneOS8.1.sdk/System/Library/Frameworks/StoreKit.framework; sourceTree = DEVELOPER_DIR; };
		09D428771B26F0A500DEB7E3 /* ULKeyChain.h */ = {isa = PBXFileReference; fileEncoding = 4; lastKnownFileType = sourcecode.c.h; name = ULKeyChain.h; path = ../Classes/ultralisk/extra/ULKeyChain.h; sourceTree = "<group>"; };
		09D428781B26F0A500DEB7E3 /* ULKeyChain.m */ = {isa = PBXFileReference; fileEncoding = 4; lastKnownFileType = sourcecode.c.objc; name = ULKeyChain.m; path = ../Classes/ultralisk/extra/ULKeyChain.m; sourceTree = "<group>"; };
		09D4287B1B26F87000DEB7E3 /* Security.framework */ = {isa = PBXFileReference; lastKnownFileType = wrapper.framework; name = Security.framework; path = System/Library/Frameworks/Security.framework; sourceTree = SDKROOT; };
		09D4D25E1AFA409A00621B86 /* lua_extensions_more.c */ = {isa = PBXFileReference; fileEncoding = 4; lastKnownFileType = sourcecode.c.c; name = lua_extensions_more.c; path = ../Classes/lua_extensions_more.c; sourceTree = "<group>"; };
		09D4D25F1AFA409A00621B86 /* lua_extensions_more.h */ = {isa = PBXFileReference; fileEncoding = 4; lastKnownFileType = sourcecode.c.h; name = lua_extensions_more.h; path = ../Classes/lua_extensions_more.h; sourceTree = "<group>"; };
		09D604ED1AFAF57500DC14EF /* lpack.c */ = {isa = PBXFileReference; fileEncoding = 4; lastKnownFileType = sourcecode.c.c; path = lpack.c; sourceTree = "<group>"; };
		09D604EE1AFAF57500DC14EF /* lpack.h */ = {isa = PBXFileReference; fileEncoding = 4; lastKnownFileType = sourcecode.c.h; path = lpack.h; sourceTree = "<group>"; };
		09DA3D571B2EF3590080D042 /* libglfw3.a */ = {isa = PBXFileReference; lastKnownFileType = archive.ar; name = libglfw3.a; path = "../../cocos2d-x/external/glfw3/prebuilt/mac/libglfw3.a"; sourceTree = "<group>"; };
		09DA3D601B2EF50F0080D042 /* StoreKit.framework */ = {isa = PBXFileReference; lastKnownFileType = wrapper.framework; name = StoreKit.framework; path = System/Library/Frameworks/StoreKit.framework; sourceTree = SDKROOT; };
		09DA3D621B2EF5430080D042 /* IOKit.framework */ = {isa = PBXFileReference; lastKnownFileType = wrapper.framework; name = IOKit.framework; path = System/Library/Frameworks/IOKit.framework; sourceTree = SDKROOT; };
		09DA3D641B2EF59F0080D042 /* Cocoa.framework */ = {isa = PBXFileReference; lastKnownFileType = wrapper.framework; name = Cocoa.framework; path = System/Library/Frameworks/Cocoa.framework; sourceTree = SDKROOT; };
		09EBE8AC1B1E913D000EF6BE /* ULNativeController.h */ = {isa = PBXFileReference; fileEncoding = 4; lastKnownFileType = sourcecode.c.h; name = ULNativeController.h; path = ../Classes/ultralisk/extra/ULNativeController.h; sourceTree = "<group>"; };
		09EBE8AD1B1E913D000EF6BE /* ULNativeController.mm */ = {isa = PBXFileReference; fileEncoding = 4; lastKnownFileType = sourcecode.cpp.objcpp; name = ULNativeController.mm; path = ../Classes/ultralisk/extra/ULNativeController.mm; sourceTree = "<group>"; };
		09EBE8B61B1E964D000EF6BE /* ULSharedClass.m */ = {isa = PBXFileReference; fileEncoding = 4; lastKnownFileType = sourcecode.c.objc; name = ULSharedClass.m; path = ../Classes/ultralisk/extra/ULSharedClass.m; sourceTree = "<group>"; };
		09EBE8B91B1E96B4000EF6BE /* ULSharedClass.h */ = {isa = PBXFileReference; fileEncoding = 4; lastKnownFileType = sourcecode.c.h; name = ULSharedClass.h; path = ../Classes/ultralisk/extra/ULSharedClass.h; sourceTree = "<group>"; };
		15427CE2198F237300DC375D /* lua_module_register.h */ = {isa = PBXFileReference; fileEncoding = 4; lastKnownFileType = sourcecode.c.h; name = lua_module_register.h; path = ../Classes/lua_module_register.h; sourceTree = "<group>"; };
		15A8A4031834BDA200142BE0 /* cocos2d_libs.xcodeproj */ = {isa = PBXFileReference; lastKnownFileType = "wrapper.pb-project"; name = cocos2d_libs.xcodeproj; path = "../../cocos2d-x/build/cocos2d_libs.xcodeproj"; sourceTree = "<group>"; };
		15A8A4871834C90E00142BE0 /* libcurl.dylib */ = {isa = PBXFileReference; lastKnownFileType = "compiled.mach-o.dylib"; name = libcurl.dylib; path = usr/lib/libcurl.dylib; sourceTree = SDKROOT; };
		15C1568D1683131500D239F2 /* libcurl.a */ = {isa = PBXFileReference; lastKnownFileType = archive.ar; name = libcurl.a; path = "../../cocos2d-x/cocos2dx/platform/third_party/ios/libraries/libcurl.a"; sourceTree = "<group>"; };
		1AF4C402178663F200122817 /* libz.dylib */ = {isa = PBXFileReference; lastKnownFileType = "compiled.mach-o.dylib"; name = libz.dylib; path = usr/lib/libz.dylib; sourceTree = SDKROOT; };
		3EB51526195187AF006966AA /* CFNetwork.framework */ = {isa = PBXFileReference; lastKnownFileType = wrapper.framework; name = CFNetwork.framework; path = System/Library/Frameworks/CFNetwork.framework; sourceTree = SDKROOT; };
		3EEEDB60197107C0006A9FF8 /* MediaPlayer.framework */ = {isa = PBXFileReference; lastKnownFileType = wrapper.framework; name = MediaPlayer.framework; path = Platforms/iPhoneOS.platform/Developer/SDKs/iPhoneOS7.1.sdk/System/Library/Frameworks/MediaPlayer.framework; sourceTree = DEVELOPER_DIR; };
		5023810717EBBCAC00990C9B /* AppController.h */ = {isa = PBXFileReference; fileEncoding = 4; lastKnownFileType = sourcecode.c.h; path = AppController.h; sourceTree = "<group>"; };
		5023810817EBBCAC00990C9B /* AppController.mm */ = {isa = PBXFileReference; fileEncoding = 4; lastKnownFileType = sourcecode.cpp.objcpp; path = AppController.mm; sourceTree = "<group>"; };
		5023810917EBBCAC00990C9B /* Default-568h@2x.png */ = {isa = PBXFileReference; lastKnownFileType = image.png; path = "Default-568h@2x.png"; sourceTree = "<group>"; };
		5023810A17EBBCAC00990C9B /* Default.png */ = {isa = PBXFileReference; lastKnownFileType = image.png; path = Default.png; sourceTree = "<group>"; };
		5023810B17EBBCAC00990C9B /* Default@2x.png */ = {isa = PBXFileReference; lastKnownFileType = image.png; path = "Default@2x.png"; sourceTree = "<group>"; };
		5023810C17EBBCAC00990C9B /* Icon-114.png */ = {isa = PBXFileReference; lastKnownFileType = image.png; path = "Icon-114.png"; sourceTree = "<group>"; };
		5023810D17EBBCAC00990C9B /* Icon-120.png */ = {isa = PBXFileReference; lastKnownFileType = image.png; path = "Icon-120.png"; sourceTree = "<group>"; };
		5023810E17EBBCAC00990C9B /* Icon-144.png */ = {isa = PBXFileReference; lastKnownFileType = image.png; path = "Icon-144.png"; sourceTree = "<group>"; };
		5023810F17EBBCAC00990C9B /* Icon-152.png */ = {isa = PBXFileReference; lastKnownFileType = image.png; path = "Icon-152.png"; sourceTree = "<group>"; };
		5023811017EBBCAC00990C9B /* Icon-57.png */ = {isa = PBXFileReference; lastKnownFileType = image.png; path = "Icon-57.png"; sourceTree = "<group>"; };
		5023811117EBBCAC00990C9B /* Icon-72.png */ = {isa = PBXFileReference; lastKnownFileType = image.png; path = "Icon-72.png"; sourceTree = "<group>"; };
		5023811217EBBCAC00990C9B /* Icon-76.png */ = {isa = PBXFileReference; lastKnownFileType = image.png; path = "Icon-76.png"; sourceTree = "<group>"; };
		5023811317EBBCAC00990C9B /* Info.plist */ = {isa = PBXFileReference; fileEncoding = 4; lastKnownFileType = text.plist.xml; path = Info.plist; sourceTree = "<group>"; };
		5023811417EBBCAC00990C9B /* main.m */ = {isa = PBXFileReference; fileEncoding = 4; lastKnownFileType = sourcecode.c.objc; path = main.m; sourceTree = "<group>"; };
		5023811517EBBCAC00990C9B /* Prefix.pch */ = {isa = PBXFileReference; fileEncoding = 4; lastKnownFileType = sourcecode.c.h; path = Prefix.pch; sourceTree = "<group>"; };
		5023811617EBBCAC00990C9B /* RootViewController.h */ = {isa = PBXFileReference; fileEncoding = 4; lastKnownFileType = sourcecode.c.h; path = RootViewController.h; sourceTree = "<group>"; };
		5023811717EBBCAC00990C9B /* RootViewController.mm */ = {isa = PBXFileReference; fileEncoding = 4; lastKnownFileType = sourcecode.cpp.objcpp; path = RootViewController.mm; sourceTree = "<group>"; };
		5023816B17EBBCE400990C9B /* 巴啦啦小魔仙.app */ = {isa = PBXFileReference; explicitFileType = wrapper.application; includeInIndex = 0; path = "巴啦啦小魔仙.app"; sourceTree = BUILT_PRODUCTS_DIR; };
		5023817217EBBE3400990C9B /* Icon.icns */ = {isa = PBXFileReference; lastKnownFileType = image.icns; path = Icon.icns; sourceTree = "<group>"; };
		5023817317EBBE3400990C9B /* Info.plist */ = {isa = PBXFileReference; fileEncoding = 4; lastKnownFileType = text.plist.xml; path = Info.plist; sourceTree = "<group>"; };
		5023817517EBBE3400990C9B /* Prefix.pch */ = {isa = PBXFileReference; fileEncoding = 4; lastKnownFileType = sourcecode.c.h; path = Prefix.pch; sourceTree = "<group>"; };
		5023817917EBBE8300990C9B /* OpenGLES.framework */ = {isa = PBXFileReference; lastKnownFileType = wrapper.framework; name = OpenGLES.framework; path = Platforms/iPhoneOS.platform/Developer/SDKs/iPhoneOS7.0.sdk/System/Library/Frameworks/OpenGLES.framework; sourceTree = DEVELOPER_DIR; };
		50805AAE17EBBEAA004CFAD3 /* UIKit.framework */ = {isa = PBXFileReference; lastKnownFileType = wrapper.framework; name = UIKit.framework; path = Platforms/iPhoneOS.platform/Developer/SDKs/iPhoneOS7.0.sdk/System/Library/Frameworks/UIKit.framework; sourceTree = DEVELOPER_DIR; };
		5091733017ECE17A00D62437 /* Icon-29.png */ = {isa = PBXFileReference; lastKnownFileType = image.png; path = "Icon-29.png"; sourceTree = "<group>"; };
		5091733117ECE17A00D62437 /* Icon-40.png */ = {isa = PBXFileReference; lastKnownFileType = image.png; path = "Icon-40.png"; sourceTree = "<group>"; };
		5091733217ECE17A00D62437 /* Icon-50.png */ = {isa = PBXFileReference; lastKnownFileType = image.png; path = "Icon-50.png"; sourceTree = "<group>"; };
		5091733317ECE17A00D62437 /* Icon-58.png */ = {isa = PBXFileReference; lastKnownFileType = image.png; path = "Icon-58.png"; sourceTree = "<group>"; };
		5091733417ECE17A00D62437 /* Icon-80.png */ = {isa = PBXFileReference; lastKnownFileType = image.png; path = "Icon-80.png"; sourceTree = "<group>"; };
		5091733517ECE17A00D62437 /* Icon-100.png */ = {isa = PBXFileReference; lastKnownFileType = image.png; path = "Icon-100.png"; sourceTree = "<group>"; };
		50D7C96B17EBBEDF005D0B91 /* OpenGL.framework */ = {isa = PBXFileReference; lastKnownFileType = wrapper.framework; name = OpenGL.framework; path = System/Library/Frameworks/OpenGL.framework; sourceTree = SDKROOT; };
		5200BEC91A53D9A500AC45E4 /* Security.framework */ = {isa = PBXFileReference; lastKnownFileType = wrapper.framework; name = Security.framework; path = Platforms/iPhoneOS.platform/Developer/SDKs/iPhoneOS8.1.sdk/System/Library/Frameworks/Security.framework; sourceTree = DEVELOPER_DIR; };
		521A8E6E19F0C3D200D177D7 /* Default-667h@2x.png */ = {isa = PBXFileReference; lastKnownFileType = image.png; path = "Default-667h@2x.png"; sourceTree = "<group>"; };
		521A8E6F19F0C3D200D177D7 /* Default-736h@3x.png */ = {isa = PBXFileReference; lastKnownFileType = image.png; path = "Default-736h@3x.png"; sourceTree = "<group>"; };
		553EF11B1AF8C62F00E99153 /* fpconv.c */ = {isa = PBXFileReference; fileEncoding = 4; lastKnownFileType = sourcecode.c.c; path = fpconv.c; sourceTree = "<group>"; };
		553EF11C1AF8C62F00E99153 /* fpconv.h */ = {isa = PBXFileReference; fileEncoding = 4; lastKnownFileType = sourcecode.c.h; path = fpconv.h; sourceTree = "<group>"; };
		553EF11D1AF8C62F00E99153 /* lua_cjson.c */ = {isa = PBXFileReference; fileEncoding = 4; lastKnownFileType = sourcecode.c.c; path = lua_cjson.c; sourceTree = "<group>"; };
		553EF11E1AF8C62F00E99153 /* lua_cjson.h */ = {isa = PBXFileReference; fileEncoding = 4; lastKnownFileType = sourcecode.c.h; path = lua_cjson.h; sourceTree = "<group>"; };
		553EF11F1AF8C62F00E99153 /* strbuf.c */ = {isa = PBXFileReference; fileEncoding = 4; lastKnownFileType = sourcecode.c.c; path = strbuf.c; sourceTree = "<group>"; };
		553EF1201AF8C62F00E99153 /* strbuf.h */ = {isa = PBXFileReference; fileEncoding = 4; lastKnownFileType = sourcecode.c.h; path = strbuf.h; sourceTree = "<group>"; };
		9FC7603F1A67791200D1E6E7 /* CodeIDESupport.h */ = {isa = PBXFileReference; fileEncoding = 4; lastKnownFileType = sourcecode.c.h; path = CodeIDESupport.h; sourceTree = "<group>"; };
		9FC760401A67791200D1E6E7 /* lang */ = {isa = PBXFileReference; fileEncoding = 4; lastKnownFileType = text; path = lang; sourceTree = "<group>"; };
		9FC760411A67791200D1E6E7 /* SimpleConfigParser.cpp */ = {isa = PBXFileReference; fileEncoding = 4; lastKnownFileType = sourcecode.cpp.cpp; path = SimpleConfigParser.cpp; sourceTree = "<group>"; };
		9FC760421A67791200D1E6E7 /* SimpleConfigParser.h */ = {isa = PBXFileReference; fileEncoding = 4; lastKnownFileType = sourcecode.c.h; path = SimpleConfigParser.h; sourceTree = "<group>"; };
		9FF504781A5E86D600AFDA55 /* libsimulator.xcodeproj */ = {isa = PBXFileReference; lastKnownFileType = "wrapper.pb-project"; name = libsimulator.xcodeproj; path = "../../cocos2d-x/tools/simulator/libsimulator/proj.ios_mac/libsimulator.xcodeproj"; sourceTree = "<group>"; };
		9FF504811A5E87B100AFDA55 /* ConsoleWindow.xib */ = {isa = PBXFileReference; fileEncoding = 4; lastKnownFileType = file.xib; path = ConsoleWindow.xib; sourceTree = "<group>"; };
		9FF504821A5E87B100AFDA55 /* ConsoleWindowController.h */ = {isa = PBXFileReference; fileEncoding = 4; lastKnownFileType = sourcecode.c.h; path = ConsoleWindowController.h; sourceTree = "<group>"; };
		9FF504831A5E87B100AFDA55 /* ConsoleWindowController.m */ = {isa = PBXFileReference; fileEncoding = 4; lastKnownFileType = sourcecode.c.objc; path = ConsoleWindowController.m; sourceTree = "<group>"; };
		9FFC07351A4A764100AED399 /* Base */ = {isa = PBXFileReference; lastKnownFileType = file.xib; name = Base; path = Base.lproj/MainMenu.xib; sourceTree = "<group>"; };
		9FFC07371A4A765100AED399 /* zh-Hans */ = {isa = PBXFileReference; lastKnownFileType = file.xib; name = "zh-Hans"; path = "zh-Hans.lproj/MainMenu.xib"; sourceTree = "<group>"; };
		A805A3451B1FFFEF005D0687 /* SystemConfiguration.framework */ = {isa = PBXFileReference; lastKnownFileType = wrapper.framework; name = SystemConfiguration.framework; path = Platforms/iPhoneOS.platform/Developer/SDKs/iPhoneOS8.3.sdk/System/Library/Frameworks/SystemConfiguration.framework; sourceTree = DEVELOPER_DIR; };
		A805A34B1B200013005D0687 /* libicucore.dylib */ = {isa = PBXFileReference; lastKnownFileType = "compiled.mach-o.dylib"; name = libicucore.dylib; path = Platforms/iPhoneOS.platform/Developer/SDKs/iPhoneOS8.3.sdk/usr/lib/libicucore.dylib; sourceTree = DEVELOPER_DIR; };
		A805A34D1B20001D005D0687 /* libz.1.2.5.dylib */ = {isa = PBXFileReference; lastKnownFileType = "compiled.mach-o.dylib"; name = libz.1.2.5.dylib; path = Platforms/iPhoneOS.platform/Developer/SDKs/iPhoneOS8.3.sdk/usr/lib/libz.1.2.5.dylib; sourceTree = DEVELOPER_DIR; };
		A805A34F1B200025005D0687 /* Security.framework */ = {isa = PBXFileReference; lastKnownFileType = wrapper.framework; name = Security.framework; path = Platforms/iPhoneOS.platform/Developer/SDKs/iPhoneOS8.3.sdk/System/Library/Frameworks/Security.framework; sourceTree = DEVELOPER_DIR; };
		A8702C2A1B316326007E95C1 /* CoreMedia.framework */ = {isa = PBXFileReference; lastKnownFileType = wrapper.framework; name = CoreMedia.framework; path = Platforms/iPhoneOS.platform/Developer/SDKs/iPhoneOS8.3.sdk/System/Library/Frameworks/CoreMedia.framework; sourceTree = DEVELOPER_DIR; };
		A8702C2C1B31632E007E95C1 /* MediaPlayer.framework */ = {isa = PBXFileReference; lastKnownFileType = wrapper.framework; name = MediaPlayer.framework; path = Platforms/iPhoneOS.platform/Developer/SDKs/iPhoneOS8.3.sdk/System/Library/Frameworks/MediaPlayer.framework; sourceTree = DEVELOPER_DIR; };
		A8702C2E1B316340007E95C1 /* AudioToolbox.framework */ = {isa = PBXFileReference; lastKnownFileType = wrapper.framework; name = AudioToolbox.framework; path = Platforms/iPhoneOS.platform/Developer/SDKs/iPhoneOS8.3.sdk/System/Library/Frameworks/AudioToolbox.framework; sourceTree = DEVELOPER_DIR; };
		A8702C301B316345007E95C1 /* AVFoundation.framework */ = {isa = PBXFileReference; lastKnownFileType = wrapper.framework; name = AVFoundation.framework; path = Platforms/iPhoneOS.platform/Developer/SDKs/iPhoneOS8.3.sdk/System/Library/Frameworks/AVFoundation.framework; sourceTree = DEVELOPER_DIR; };
		A8702C321B316352007E95C1 /* PassKit.framework */ = {isa = PBXFileReference; lastKnownFileType = wrapper.framework; name = PassKit.framework; path = Platforms/iPhoneOS.platform/Developer/SDKs/iPhoneOS8.3.sdk/System/Library/Frameworks/PassKit.framework; sourceTree = DEVELOPER_DIR; };
		A8702C341B31635C007E95C1 /* EventKit.framework */ = {isa = PBXFileReference; lastKnownFileType = wrapper.framework; name = EventKit.framework; path = Platforms/iPhoneOS.platform/Developer/SDKs/iPhoneOS8.3.sdk/System/Library/Frameworks/EventKit.framework; sourceTree = DEVELOPER_DIR; };
		A8702C361B316369007E95C1 /* Social.framework */ = {isa = PBXFileReference; lastKnownFileType = wrapper.framework; name = Social.framework; path = Platforms/iPhoneOS.platform/Developer/SDKs/iPhoneOS8.3.sdk/System/Library/Frameworks/Social.framework; sourceTree = DEVELOPER_DIR; };
		A8702C381B316388007E95C1 /* CoreLocation.framework */ = {isa = PBXFileReference; lastKnownFileType = wrapper.framework; name = CoreLocation.framework; path = Platforms/iPhoneOS.platform/Developer/SDKs/iPhoneOS8.3.sdk/System/Library/Frameworks/CoreLocation.framework; sourceTree = DEVELOPER_DIR; };
		A8702C3A1B316394007E95C1 /* MessageUI.framework */ = {isa = PBXFileReference; lastKnownFileType = wrapper.framework; name = MessageUI.framework; path = Platforms/iPhoneOS.platform/Developer/SDKs/iPhoneOS8.3.sdk/System/Library/Frameworks/MessageUI.framework; sourceTree = DEVELOPER_DIR; };
		A8702C3C1B3163A0007E95C1 /* CoreTelephony.framework */ = {isa = PBXFileReference; lastKnownFileType = wrapper.framework; name = CoreTelephony.framework; path = Platforms/iPhoneOS.platform/Developer/SDKs/iPhoneOS8.3.sdk/System/Library/Frameworks/CoreTelephony.framework; sourceTree = DEVELOPER_DIR; };
		A8702C3E1B3166A9007E95C1 /* CoreText.framework */ = {isa = PBXFileReference; lastKnownFileType = wrapper.framework; name = CoreText.framework; path = Platforms/iPhoneOS.platform/Developer/SDKs/iPhoneOS8.3.sdk/System/Library/Frameworks/CoreText.framework; sourceTree = DEVELOPER_DIR; };
		A8FF811D1B3030430045087D /* 3guADBundle.bundle */ = {isa = PBXFileReference; lastKnownFileType = "wrapper.plug-in"; path = 3guADBundle.bundle; sourceTree = "<group>"; };
		A8FF81201B3030430045087D /* 3guAD.h */ = {isa = PBXFileReference; fileEncoding = 4; lastKnownFileType = sourcecode.c.h; path = 3guAD.h; sourceTree = "<group>"; };
		A8FF81211B3030430045087D /* 3guADOCBridge.h */ = {isa = PBXFileReference; fileEncoding = 4; lastKnownFileType = sourcecode.c.h; path = 3guADOCBridge.h; sourceTree = "<group>"; };
		A8FF81221B3030430045087D /* lib3guADSDK.a */ = {isa = PBXFileReference; lastKnownFileType = archive.ar; path = lib3guADSDK.a; sourceTree = "<group>"; };
		A8FF81251B3030430045087D /* WeChatConnection.framework */ = {isa = PBXFileReference; lastKnownFileType = wrapper.framework; path = WeChatConnection.framework; sourceTree = "<group>"; };
		A8FF81271B3030430045087D /* AGCommon.framework */ = {isa = PBXFileReference; lastKnownFileType = wrapper.framework; path = AGCommon.framework; sourceTree = "<group>"; };
		A8FF81291B3030430045087D /* en */ = {isa = PBXFileReference; lastKnownFileType = text.plist.strings; name = en; path = en.lproj/ShareSDKLocalizable.strings; sourceTree = "<group>"; };
		A8FF812A1B3030430045087D /* Resource.bundle */ = {isa = PBXFileReference; lastKnownFileType = "wrapper.plug-in"; path = Resource.bundle; sourceTree = "<group>"; };
		A8FF812B1B3030430045087D /* ShareSDKCoreService.framework */ = {isa = PBXFileReference; lastKnownFileType = wrapper.framework; path = ShareSDKCoreService.framework; sourceTree = "<group>"; };
		A8FF812C1B3030430045087D /* zh-Hans */ = {isa = PBXFileReference; lastKnownFileType = text.plist.strings; name = "zh-Hans"; path = "zh-Hans.lproj/ShareSDKLocalizable.strings"; sourceTree = "<group>"; };
		A8FF812F1B3030430045087D /* libWeChatSDK.a */ = {isa = PBXFileReference; lastKnownFileType = archive.ar; path = libWeChatSDK.a; sourceTree = "<group>"; };
		A8FF81301B3030430045087D /* WXApi.h */ = {isa = PBXFileReference; fileEncoding = 4; lastKnownFileType = sourcecode.c.h; path = WXApi.h; sourceTree = "<group>"; };
		A8FF81311B3030430045087D /* WXApiObject.h */ = {isa = PBXFileReference; fileEncoding = 4; lastKnownFileType = sourcecode.c.h; path = WXApiObject.h; sourceTree = "<group>"; };
		A8FF81321B3030430045087D /* ShareSDK.framework */ = {isa = PBXFileReference; lastKnownFileType = wrapper.framework; path = ShareSDK.framework; sourceTree = "<group>"; };
		A8FF81341B3030430045087D /* ShareSDKFlatShareViewUI.bundle */ = {isa = PBXFileReference; lastKnownFileType = "wrapper.plug-in"; path = ShareSDKFlatShareViewUI.bundle; sourceTree = "<group>"; };
		A8FF81351B3030430045087D /* ShareSDKFlatShareViewUI.framework */ = {isa = PBXFileReference; lastKnownFileType = wrapper.framework; path = ShareSDKFlatShareViewUI.framework; sourceTree = "<group>"; };
		A8FF81361B3030430045087D /* ShareSDKiPadDefaultShareViewUI.bundle */ = {isa = PBXFileReference; lastKnownFileType = "wrapper.plug-in"; path = ShareSDKiPadDefaultShareViewUI.bundle; sourceTree = "<group>"; };
		A8FF81371B3030430045087D /* ShareSDKiPadDefaultShareViewUI.framework */ = {isa = PBXFileReference; lastKnownFileType = wrapper.framework; path = ShareSDKiPadDefaultShareViewUI.framework; sourceTree = "<group>"; };
		A8FF81381B3030430045087D /* ShareSDKiPadSimpleShareViewUI.bundle */ = {isa = PBXFileReference; lastKnownFileType = "wrapper.plug-in"; path = ShareSDKiPadSimpleShareViewUI.bundle; sourceTree = "<group>"; };
		A8FF81391B3030430045087D /* ShareSDKiPadSimpleShareViewUI.framework */ = {isa = PBXFileReference; lastKnownFileType = wrapper.framework; path = ShareSDKiPadSimpleShareViewUI.framework; sourceTree = "<group>"; };
		A8FF813A1B3030430045087D /* ShareSDKiPhoneAppRecommendShareViewUI.framework */ = {isa = PBXFileReference; lastKnownFileType = wrapper.framework; path = ShareSDKiPhoneAppRecommendShareViewUI.framework; sourceTree = "<group>"; };
		A8FF813B1B3030430045087D /* ShareSDKiPhoneDefaultShareViewUI.bundle */ = {isa = PBXFileReference; lastKnownFileType = "wrapper.plug-in"; path = ShareSDKiPhoneDefaultShareViewUI.bundle; sourceTree = "<group>"; };
		A8FF813C1B3030430045087D /* ShareSDKiPhoneDefaultShareViewUI.framework */ = {isa = PBXFileReference; lastKnownFileType = wrapper.framework; path = ShareSDKiPhoneDefaultShareViewUI.framework; sourceTree = "<group>"; };
		A8FF813D1B3030430045087D /* ShareSDKiPhoneSimpleShareViewUI.bundle */ = {isa = PBXFileReference; lastKnownFileType = "wrapper.plug-in"; path = ShareSDKiPhoneSimpleShareViewUI.bundle; sourceTree = "<group>"; };
		A8FF813E1B3030430045087D /* ShareSDKiPhoneSimpleShareViewUI.framework */ = {isa = PBXFileReference; lastKnownFileType = wrapper.framework; path = ShareSDKiPhoneSimpleShareViewUI.framework; sourceTree = "<group>"; };
		A8FF813F1B3030430045087D /* ShareSDKShareActionSheet.framework */ = {isa = PBXFileReference; lastKnownFileType = wrapper.framework; path = ShareSDKShareActionSheet.framework; sourceTree = "<group>"; };
		A8FF81551B30327A0045087D /* AdSupport.framework */ = {isa = PBXFileReference; lastKnownFileType = wrapper.framework; name = AdSupport.framework; path = Platforms/iPhoneOS.platform/Developer/SDKs/iPhoneOS8.3.sdk/System/Library/Frameworks/AdSupport.framework; sourceTree = DEVELOPER_DIR; };
		A8FF81571B3032830045087D /* StoreKit.framework */ = {isa = PBXFileReference; lastKnownFileType = wrapper.framework; name = StoreKit.framework; path = Platforms/iPhoneOS.platform/Developer/SDKs/iPhoneOS8.3.sdk/System/Library/Frameworks/StoreKit.framework; sourceTree = DEVELOPER_DIR; };
		A8FF81591B3032970045087D /* ImageIO.framework */ = {isa = PBXFileReference; lastKnownFileType = wrapper.framework; name = ImageIO.framework; path = Platforms/iPhoneOS.platform/Developer/SDKs/iPhoneOS8.3.sdk/System/Library/Frameworks/ImageIO.framework; sourceTree = DEVELOPER_DIR; };
		A8FF815B1B3032A30045087D /* CoreMotion.framework */ = {isa = PBXFileReference; lastKnownFileType = wrapper.framework; name = CoreMotion.framework; path = Platforms/iPhoneOS.platform/Developer/SDKs/iPhoneOS8.3.sdk/System/Library/Frameworks/CoreMotion.framework; sourceTree = DEVELOPER_DIR; };
		A8FF815D1B3032AD0045087D /* libz.dylib */ = {isa = PBXFileReference; lastKnownFileType = "compiled.mach-o.dylib"; name = libz.dylib; path = Platforms/iPhoneOS.platform/Developer/SDKs/iPhoneOS8.3.sdk/usr/lib/libz.dylib; sourceTree = DEVELOPER_DIR; };
		A8FF815F1B3032BA0045087D /* libsqlite3.dylib */ = {isa = PBXFileReference; lastKnownFileType = "compiled.mach-o.dylib"; name = libsqlite3.dylib; path = Platforms/iPhoneOS.platform/Developer/SDKs/iPhoneOS8.3.sdk/usr/lib/libsqlite3.dylib; sourceTree = DEVELOPER_DIR; };
		C03781AE18BF654500FE4F13 /* cocos2d_lua_bindings.xcodeproj */ = {isa = PBXFileReference; lastKnownFileType = "wrapper.pb-project"; name = cocos2d_lua_bindings.xcodeproj; path = "../../cocos2d-x/cocos/scripting/lua-bindings/proj.ios_mac/cocos2d_lua_bindings.xcodeproj"; sourceTree = "<group>"; };
		C03781B718BF655400FE4F13 /* res */ = {isa = PBXFileReference; lastKnownFileType = folder; name = res; path = ../../../res; sourceTree = "<group>"; };
		C03781B818BF655400FE4F13 /* src */ = {isa = PBXFileReference; lastKnownFileType = folder; name = src; path = ../../../src; sourceTree = "<group>"; };
		C05D1C111923449100B808A4 /* config.json */ = {isa = PBXFileReference; fileEncoding = 4; lastKnownFileType = text.json; name = config.json; path = ../../../config.json; sourceTree = "<group>"; };
		C07828F418B4D72E00BD2287 /* main.m */ = {isa = PBXFileReference; fileEncoding = 4; lastKnownFileType = sourcecode.c.objc; path = main.m; sourceTree = "<group>"; };
		C07828F618B4D72E00BD2287 /* SimulatorApp.h */ = {isa = PBXFileReference; fileEncoding = 4; lastKnownFileType = sourcecode.c.h; path = SimulatorApp.h; sourceTree = "<group>"; };
		C07828F718B4D72E00BD2287 /* SimulatorApp.mm */ = {isa = PBXFileReference; fileEncoding = 4; lastKnownFileType = sourcecode.cpp.objcpp; path = SimulatorApp.mm; sourceTree = "<group>"; };
		D6B061341803AC000077942B /* CoreMotion.framework */ = {isa = PBXFileReference; lastKnownFileType = wrapper.framework; name = CoreMotion.framework; path = Platforms/iPhoneOS.platform/Developer/SDKs/iPhoneOS7.0.sdk/System/Library/Frameworks/CoreMotion.framework; sourceTree = DEVELOPER_DIR; };
		F293B3C815EB7BE500256477 /* 巴啦啦小魔仙.app */ = {isa = PBXFileReference; explicitFileType = wrapper.application; includeInIndex = 0; path = "巴啦啦小魔仙.app"; sourceTree = BUILT_PRODUCTS_DIR; };
		F293B3CC15EB7BE500256477 /* QuartzCore.framework */ = {isa = PBXFileReference; lastKnownFileType = wrapper.framework; name = QuartzCore.framework; path = System/Library/Frameworks/QuartzCore.framework; sourceTree = SDKROOT; };
		F293B3CE15EB7BE500256477 /* OpenGLES.framework */ = {isa = PBXFileReference; lastKnownFileType = wrapper.framework; name = OpenGLES.framework; path = System/Library/Frameworks/OpenGLES.framework; sourceTree = SDKROOT; };
		F293B3D015EB7BE500256477 /* OpenAL.framework */ = {isa = PBXFileReference; lastKnownFileType = wrapper.framework; name = OpenAL.framework; path = System/Library/Frameworks/OpenAL.framework; sourceTree = SDKROOT; };
		F293B3D215EB7BE500256477 /* AudioToolbox.framework */ = {isa = PBXFileReference; lastKnownFileType = wrapper.framework; name = AudioToolbox.framework; path = System/Library/Frameworks/AudioToolbox.framework; sourceTree = SDKROOT; };
		F293B3D415EB7BE500256477 /* AVFoundation.framework */ = {isa = PBXFileReference; lastKnownFileType = wrapper.framework; name = AVFoundation.framework; path = System/Library/Frameworks/AVFoundation.framework; sourceTree = SDKROOT; };
		F293B3D615EB7BE500256477 /* UIKit.framework */ = {isa = PBXFileReference; lastKnownFileType = wrapper.framework; name = UIKit.framework; path = System/Library/Frameworks/UIKit.framework; sourceTree = SDKROOT; };
		F293B3D815EB7BE500256477 /* Foundation.framework */ = {isa = PBXFileReference; lastKnownFileType = wrapper.framework; name = Foundation.framework; path = System/Library/Frameworks/Foundation.framework; sourceTree = SDKROOT; };
		F293B3DA15EB7BE500256477 /* CoreGraphics.framework */ = {isa = PBXFileReference; lastKnownFileType = wrapper.framework; name = CoreGraphics.framework; path = System/Library/Frameworks/CoreGraphics.framework; sourceTree = SDKROOT; };
		F293BB7E15EB831F00256477 /* AppDelegate.cpp */ = {isa = PBXFileReference; fileEncoding = 4; lastKnownFileType = sourcecode.cpp.cpp; name = AppDelegate.cpp; path = ../Classes/AppDelegate.cpp; sourceTree = "<group>"; };
		F293BB7F15EB831F00256477 /* AppDelegate.h */ = {isa = PBXFileReference; fileEncoding = 4; lastKnownFileType = sourcecode.c.h; name = AppDelegate.h; path = ../Classes/AppDelegate.h; sourceTree = "<group>"; };
/* End PBXFileReference section */

/* Begin PBXFrameworksBuildPhase section */
		5023813617EBBCE400990C9B /* Frameworks */ = {
			isa = PBXFrameworksBuildPhase;
			buildActionMask = 2147483647;
			files = (
				09DA3D661B2EF5FE0080D042 /* IOKit.framework in Frameworks */,
				09DA3D651B2EF59F0080D042 /* Cocoa.framework in Frameworks */,
				09D4287C1B26F87000DEB7E3 /* Security.framework in Frameworks */,
				9FF504861A5E881200AFDA55 /* libsimulator Mac.a in Frameworks */,
				15427CEE198F24AF00DC375D /* libcocos2d Mac.a in Frameworks */,
				15427CEC198F24A600DC375D /* libluacocos2d Mac.a in Frameworks */,
				15A8A4881834C90F00142BE0 /* libcurl.dylib in Frameworks */,
				50D7C96C17EBBEDF005D0B91 /* OpenGL.framework in Frameworks */,
				5023813717EBBCE400990C9B /* libz.dylib in Frameworks */,
				5023813E17EBBCE400990C9B /* QuartzCore.framework in Frameworks */,
				5023814017EBBCE400990C9B /* OpenAL.framework in Frameworks */,
				5023814117EBBCE400990C9B /* AudioToolbox.framework in Frameworks */,
				5023814417EBBCE400990C9B /* Foundation.framework in Frameworks */,
				5023814517EBBCE400990C9B /* CoreGraphics.framework in Frameworks */,
			);
			runOnlyForDeploymentPostprocessing = 0;
		};
		F293B3C515EB7BE500256477 /* Frameworks */ = {
			isa = PBXFrameworksBuildPhase;
			buildActionMask = 2147483647;
			files = (
				A8702C3F1B3166A9007E95C1 /* CoreText.framework in Frameworks */,
				A8702C3D1B3163A0007E95C1 /* CoreTelephony.framework in Frameworks */,
				A8702C3B1B316394007E95C1 /* MessageUI.framework in Frameworks */,
				A8702C391B316388007E95C1 /* CoreLocation.framework in Frameworks */,
				A8702C371B316369007E95C1 /* Social.framework in Frameworks */,
				A8702C351B31635C007E95C1 /* EventKit.framework in Frameworks */,
				A8702C331B316352007E95C1 /* PassKit.framework in Frameworks */,
				A8702C311B316345007E95C1 /* AVFoundation.framework in Frameworks */,
				A8702C2F1B316340007E95C1 /* AudioToolbox.framework in Frameworks */,
				A8702C2D1B31632E007E95C1 /* MediaPlayer.framework in Frameworks */,
				A8702C2B1B316326007E95C1 /* CoreMedia.framework in Frameworks */,
				A8FF81601B3032BA0045087D /* libsqlite3.dylib in Frameworks */,
				A8FF815E1B3032AD0045087D /* libz.dylib in Frameworks */,
				A8FF815C1B3032A30045087D /* CoreMotion.framework in Frameworks */,
				A8FF815A1B3032970045087D /* ImageIO.framework in Frameworks */,
				A805A3461B1FFFEF005D0687 /* SystemConfiguration.framework in Frameworks */,
				A8FF81581B3032830045087D /* StoreKit.framework in Frameworks */,
				A8FF81561B30327A0045087D /* AdSupport.framework in Frameworks */,
				A8FF81461B3030430045087D /* ShareSDKCoreService.framework in Frameworks */,
				099D3AB51B2ACFC90014F44E /* CoreTelephony.framework in Frameworks */,
				A805A3501B200025005D0687 /* Security.framework in Frameworks */,
				A805A34E1B20001D005D0687 /* libz.1.2.5.dylib in Frameworks */,
				A8FF814F1B3030440045087D /* ShareSDKiPhoneAppRecommendShareViewUI.framework in Frameworks */,
				A8FF81471B3030430045087D /* libWeChatSDK.a in Frameworks */,
				A8FF81411B3030430045087D /* lib3guADSDK.a in Frameworks */,
				A805A34C1B200013005D0687 /* libicucore.dylib in Frameworks */,
				A8FF814E1B3030440045087D /* ShareSDKiPadSimpleShareViewUI.framework in Frameworks */,
				9FF504871A5E88CE00AFDA55 /* libsimulator iOS.a in Frameworks */,
				5200BECA1A53D9A500AC45E4 /* Security.framework in Frameworks */,
				A8FF814C1B3030440045087D /* ShareSDKiPadDefaultShareViewUI.framework in Frameworks */,
				15427CD5198F222200DC375D /* libluacocos2d iOS.a in Frameworks */,
				09D421F11B1D9F8A00BEEFA3 /* StoreKit.framework in Frameworks */,
				A8FF81541B3030440045087D /* ShareSDKShareActionSheet.framework in Frameworks */,
				A8FF81511B3030440045087D /* ShareSDKiPhoneDefaultShareViewUI.framework in Frameworks */,
				15427CD3198F221400DC375D /* libcocos2d iOS.a in Frameworks */,
				3EEEDB61197107C0006A9FF8 /* MediaPlayer.framework in Frameworks */,
				D6B061351803AC000077942B /* CoreMotion.framework in Frameworks */,
				A8FF81481B3030440045087D /* ShareSDK.framework in Frameworks */,
				1AF4C403178663F200122817 /* libz.dylib in Frameworks */,
				50805AAF17EBBEAA004CFAD3 /* UIKit.framework in Frameworks */,
				A8FF81431B3030430045087D /* AGCommon.framework in Frameworks */,
				A8FF814A1B3030440045087D /* ShareSDKFlatShareViewUI.framework in Frameworks */,
				5023817A17EBBE8300990C9B /* OpenGLES.framework in Frameworks */,
				A8FF81421B3030430045087D /* WeChatConnection.framework in Frameworks */,
				F293B3CD15EB7BE500256477 /* QuartzCore.framework in Frameworks */,
				F293B3D115EB7BE500256477 /* OpenAL.framework in Frameworks */,
				A8FF81531B3030440045087D /* ShareSDKiPhoneSimpleShareViewUI.framework in Frameworks */,
				F293B3D315EB7BE500256477 /* AudioToolbox.framework in Frameworks */,
				F293B3D515EB7BE500256477 /* AVFoundation.framework in Frameworks */,
				F293B3D915EB7BE500256477 /* Foundation.framework in Frameworks */,
				F293B3DB15EB7BE500256477 /* CoreGraphics.framework in Frameworks */,
			);
			runOnlyForDeploymentPostprocessing = 0;
		};
/* End PBXFrameworksBuildPhase section */

/* Begin PBXGroup section */
		0980D7271B25C04D00B1D516 /* extra */ = {
			isa = PBXGroup;
			children = (
				0980D7281B25C04D00B1D516 /* cocos2dx_extra.h */,
				0980D7291B25C04D00B1D516 /* crypto */,
				0980D72F1B25C04D00B1D516 /* luabinding */,
			);
			name = extra;
			path = ../Classes/extra;
			sourceTree = "<group>";
		};
		0980D7291B25C04D00B1D516 /* crypto */ = {
			isa = PBXGroup;
			children = (
				0980D72A1B25C04D00B1D516 /* CCCrypto.cpp */,
				0980D72B1B25C04D00B1D516 /* CCCrypto.h */,
				0980D72C1B25C04D00B1D516 /* md5 */,
			);
			path = crypto;
			sourceTree = "<group>";
		};
		0980D72C1B25C04D00B1D516 /* md5 */ = {
			isa = PBXGroup;
			children = (
				0980D72D1B25C04D00B1D516 /* md5.c */,
				0980D72E1B25C04D00B1D516 /* md5.h */,
			);
			path = md5;
			sourceTree = "<group>";
		};
		0980D72F1B25C04D00B1D516 /* luabinding */ = {
			isa = PBXGroup;
			children = (
				0980D7301B25C04D00B1D516 /* cocos2dx_extra_luabinding.cpp */,
				0980D7311B25C04D00B1D516 /* cocos2dx_extra_luabinding.h */,
			);
			path = luabinding;
			sourceTree = "<group>";
		};
		09D604EC1AFAF57500DC14EF /* lpack */ = {
			isa = PBXGroup;
			children = (
				09D604ED1AFAF57500DC14EF /* lpack.c */,
				09D604EE1AFAF57500DC14EF /* lpack.h */,
			);
			name = lpack;
			path = ../Classes/lpack;
			sourceTree = "<group>";
		};
		09EBE8AA1B1E90A0000EF6BE /* ultralisk */ = {
			isa = PBXGroup;
			children = (
				09EBE8AB1B1E90B8000EF6BE /* extra */,
			);
			name = ultralisk;
			sourceTree = "<group>";
		};
		09EBE8AB1B1E90B8000EF6BE /* extra */ = {
			isa = PBXGroup;
			children = (
				09D428771B26F0A500DEB7E3 /* ULKeyChain.h */,
				09D428781B26F0A500DEB7E3 /* ULKeyChain.m */,
				09EBE8AC1B1E913D000EF6BE /* ULNativeController.h */,
				09EBE8AD1B1E913D000EF6BE /* ULNativeController.mm */,
				09EBE8B61B1E964D000EF6BE /* ULSharedClass.m */,
				09EBE8B91B1E96B4000EF6BE /* ULSharedClass.h */,
			);
			name = extra;
			sourceTree = "<group>";
		};
		15A8A4041834BDA200142BE0 /* Products */ = {
			isa = PBXGroup;
			children = (
				15A8A4171834BDA200142BE0 /* libcocos2d Mac.a */,
				15A8A4251834BDA200142BE0 /* libcocos2d iOS.a */,
			);
			name = Products;
			sourceTree = "<group>";
		};
		5023810617EBBCAC00990C9B /* ios */ = {
			isa = PBXGroup;
			children = (
				521A8E6E19F0C3D200D177D7 /* Default-667h@2x.png */,
				521A8E6F19F0C3D200D177D7 /* Default-736h@3x.png */,
				5023810717EBBCAC00990C9B /* AppController.h */,
				5023810817EBBCAC00990C9B /* AppController.mm */,
				5023810917EBBCAC00990C9B /* Default-568h@2x.png */,
				5023810A17EBBCAC00990C9B /* Default.png */,
				5023810B17EBBCAC00990C9B /* Default@2x.png */,
				5091734A17ECE18300D62437 /* Icons */,
				5023811317EBBCAC00990C9B /* Info.plist */,
				5023811417EBBCAC00990C9B /* main.m */,
				5023811517EBBCAC00990C9B /* Prefix.pch */,
				5023811617EBBCAC00990C9B /* RootViewController.h */,
				5023811717EBBCAC00990C9B /* RootViewController.mm */,
			);
			path = ios;
			sourceTree = "<group>";
		};
		5023817117EBBE3400990C9B /* mac */ = {
			isa = PBXGroup;
			children = (
				9FF504811A5E87B100AFDA55 /* ConsoleWindow.xib */,
				9FF504821A5E87B100AFDA55 /* ConsoleWindowController.h */,
				9FF504831A5E87B100AFDA55 /* ConsoleWindowController.m */,
				5023817217EBBE3400990C9B /* Icon.icns */,
				9FFC07341A4A764100AED399 /* MainMenu.xib */,
				C07828F418B4D72E00BD2287 /* main.m */,
				C07828F618B4D72E00BD2287 /* SimulatorApp.h */,
				C07828F718B4D72E00BD2287 /* SimulatorApp.mm */,
				5023817317EBBE3400990C9B /* Info.plist */,
				5023817517EBBE3400990C9B /* Prefix.pch */,
			);
			path = mac;
			sourceTree = "<group>";
		};
		5091734A17ECE18300D62437 /* Icons */ = {
			isa = PBXGroup;
			children = (
				5091733017ECE17A00D62437 /* Icon-29.png */,
				5091733117ECE17A00D62437 /* Icon-40.png */,
				5091733217ECE17A00D62437 /* Icon-50.png */,
				5091733317ECE17A00D62437 /* Icon-58.png */,
				5091733417ECE17A00D62437 /* Icon-80.png */,
				5091733517ECE17A00D62437 /* Icon-100.png */,
				5023810C17EBBCAC00990C9B /* Icon-114.png */,
				5023810D17EBBCAC00990C9B /* Icon-120.png */,
				5023810E17EBBCAC00990C9B /* Icon-144.png */,
				5023810F17EBBCAC00990C9B /* Icon-152.png */,
				5023811017EBBCAC00990C9B /* Icon-57.png */,
				5023811117EBBCAC00990C9B /* Icon-72.png */,
				5023811217EBBCAC00990C9B /* Icon-76.png */,
			);
			name = Icons;
			sourceTree = "<group>";
		};
		553EF11A1AF8C62F00E99153 /* cjson */ = {
			isa = PBXGroup;
			children = (
				553EF11B1AF8C62F00E99153 /* fpconv.c */,
				553EF11C1AF8C62F00E99153 /* fpconv.h */,
				553EF11D1AF8C62F00E99153 /* lua_cjson.c */,
				553EF11E1AF8C62F00E99153 /* lua_cjson.h */,
				553EF11F1AF8C62F00E99153 /* strbuf.c */,
				553EF1201AF8C62F00E99153 /* strbuf.h */,
			);
			name = cjson;
			path = ../Classes/cjson;
			sourceTree = "<group>";
		};
		9FC7603E1A67791200D1E6E7 /* ide-support */ = {
			isa = PBXGroup;
			children = (
				9FC7603F1A67791200D1E6E7 /* CodeIDESupport.h */,
				9FC760401A67791200D1E6E7 /* lang */,
				9FC760411A67791200D1E6E7 /* SimpleConfigParser.cpp */,
				9FC760421A67791200D1E6E7 /* SimpleConfigParser.h */,
			);
			name = "ide-support";
			path = "../Classes/ide-support";
			sourceTree = "<group>";
		};
		9FF504791A5E86D600AFDA55 /* Products */ = {
			isa = PBXGroup;
			children = (
				9FF5047E1A5E86D600AFDA55 /* libsimulator Mac.a */,
				9FF504801A5E86D600AFDA55 /* libsimulator iOS.a */,
			);
			name = Products;
			sourceTree = "<group>";
		};
		A8FF811B1B30302C0045087D /* 3rdparty */ = {
			isa = PBXGroup;
			children = (
				A8FF811C1B3030430045087D /* 3gu_AD_SDK */,
				A8FF81231B3030430045087D /* ShareSDK */,
			);
			name = 3rdparty;
			sourceTree = "<group>";
		};
		A8FF811C1B3030430045087D /* 3gu_AD_SDK */ = {
			isa = PBXGroup;
			children = (
				A8FF811D1B3030430045087D /* 3guADBundle.bundle */,
				A8FF811E1B3030430045087D /* include */,
				A8FF81221B3030430045087D /* lib3guADSDK.a */,
			);
			name = 3gu_AD_SDK;
			path = ../3rdparty/3gu_AD_SDK;
			sourceTree = "<group>";
		};
		A8FF811E1B3030430045087D /* include */ = {
			isa = PBXGroup;
			children = (
				A8FF811F1B3030430045087D /* 3guADSDK */,
			);
			path = include;
			sourceTree = "<group>";
		};
		A8FF811F1B3030430045087D /* 3guADSDK */ = {
			isa = PBXGroup;
			children = (
				A8FF81201B3030430045087D /* 3guAD.h */,
				A8FF81211B3030430045087D /* 3guADOCBridge.h */,
			);
			path = 3guADSDK;
			sourceTree = "<group>";
		};
		A8FF81231B3030430045087D /* ShareSDK */ = {
			isa = PBXGroup;
			children = (
				A8FF81241B3030430045087D /* Connection */,
				A8FF81261B3030430045087D /* Core */,
				A8FF812D1B3030430045087D /* Extend */,
				A8FF81321B3030430045087D /* ShareSDK.framework */,
				A8FF81331B3030430045087D /* UI */,
			);
			name = ShareSDK;
			path = ../3rdparty/ShareSDK;
			sourceTree = "<group>";
		};
		A8FF81241B3030430045087D /* Connection */ = {
			isa = PBXGroup;
			children = (
				A8FF81251B3030430045087D /* WeChatConnection.framework */,
			);
			path = Connection;
			sourceTree = "<group>";
		};
		A8FF81261B3030430045087D /* Core */ = {
			isa = PBXGroup;
			children = (
				A8FF81271B3030430045087D /* AGCommon.framework */,
				A8FF81281B3030430045087D /* ShareSDKLocalizable.strings */,
				A8FF812A1B3030430045087D /* Resource.bundle */,
				A8FF812B1B3030430045087D /* ShareSDKCoreService.framework */,
			);
			path = Core;
			sourceTree = "<group>";
		};
		A8FF812D1B3030430045087D /* Extend */ = {
			isa = PBXGroup;
			children = (
				A8FF812E1B3030430045087D /* WeChatSDK */,
			);
			path = Extend;
			sourceTree = "<group>";
		};
		A8FF812E1B3030430045087D /* WeChatSDK */ = {
			isa = PBXGroup;
			children = (
				A8FF812F1B3030430045087D /* libWeChatSDK.a */,
				A8FF81301B3030430045087D /* WXApi.h */,
				A8FF81311B3030430045087D /* WXApiObject.h */,
			);
			path = WeChatSDK;
			sourceTree = "<group>";
		};
		A8FF81331B3030430045087D /* UI */ = {
			isa = PBXGroup;
			children = (
				A8FF81341B3030430045087D /* ShareSDKFlatShareViewUI.bundle */,
				A8FF81351B3030430045087D /* ShareSDKFlatShareViewUI.framework */,
				A8FF81361B3030430045087D /* ShareSDKiPadDefaultShareViewUI.bundle */,
				A8FF81371B3030430045087D /* ShareSDKiPadDefaultShareViewUI.framework */,
				A8FF81381B3030430045087D /* ShareSDKiPadSimpleShareViewUI.bundle */,
				A8FF81391B3030430045087D /* ShareSDKiPadSimpleShareViewUI.framework */,
				A8FF813A1B3030430045087D /* ShareSDKiPhoneAppRecommendShareViewUI.framework */,
				A8FF813B1B3030430045087D /* ShareSDKiPhoneDefaultShareViewUI.bundle */,
				A8FF813C1B3030430045087D /* ShareSDKiPhoneDefaultShareViewUI.framework */,
				A8FF813D1B3030430045087D /* ShareSDKiPhoneSimpleShareViewUI.bundle */,
				A8FF813E1B3030430045087D /* ShareSDKiPhoneSimpleShareViewUI.framework */,
				A8FF813F1B3030430045087D /* ShareSDKShareActionSheet.framework */,
			);
			path = UI;
			sourceTree = "<group>";
		};
		C03781AF18BF654500FE4F13 /* Products */ = {
			isa = PBXGroup;
			children = (
				15427CC2198F220600DC375D /* libluacocos2d Mac.a */,
				15427CD2198F220600DC375D /* libluacocos2d iOS.a */,
			);
			name = Products;
			sourceTree = "<group>";
		};
		F293B3BD15EB7BE500256477 = {
			isa = PBXGroup;
			children = (
				09C4B8E11B131873007091AF /* 巴啦啦小魔仙.entitlements */,
				9FF504781A5E86D600AFDA55 /* libsimulator.xcodeproj */,
				C03781AE18BF654500FE4F13 /* cocos2d_lua_bindings.xcodeproj */,
				15A8A4031834BDA200142BE0 /* cocos2d_libs.xcodeproj */,
				5023810617EBBCAC00990C9B /* ios */,
				5023817117EBBE3400990C9B /* mac */,
				A8FF811B1B30302C0045087D /* 3rdparty */,
				F293BB7C15EB830F00256477 /* Classes */,
				F293B3CB15EB7BE500256477 /* Frameworks */,
				F293B3C915EB7BE500256477 /* Products */,
				F293BC4615EB859D00256477 /* Resources */,
			);
			sourceTree = "<group>";
		};
		F293B3C915EB7BE500256477 /* Products */ = {
			isa = PBXGroup;
			children = (
				F293B3C815EB7BE500256477 /* 巴啦啦小魔仙.app */,
				5023816B17EBBCE400990C9B /* 巴啦啦小魔仙.app */,
			);
			name = Products;
			sourceTree = "<group>";
		};
		F293B3CB15EB7BE500256477 /* Frameworks */ = {
			isa = PBXGroup;
			children = (
				A8702C3E1B3166A9007E95C1 /* CoreText.framework */,
				A8702C3C1B3163A0007E95C1 /* CoreTelephony.framework */,
				A8702C3A1B316394007E95C1 /* MessageUI.framework */,
				A8702C381B316388007E95C1 /* CoreLocation.framework */,
				A8702C361B316369007E95C1 /* Social.framework */,
				A8702C341B31635C007E95C1 /* EventKit.framework */,
				A8702C321B316352007E95C1 /* PassKit.framework */,
				A8702C301B316345007E95C1 /* AVFoundation.framework */,
				A8702C2E1B316340007E95C1 /* AudioToolbox.framework */,
				A8702C2C1B31632E007E95C1 /* MediaPlayer.framework */,
				A8702C2A1B316326007E95C1 /* CoreMedia.framework */,
				A8FF815F1B3032BA0045087D /* libsqlite3.dylib */,
				A8FF815D1B3032AD0045087D /* libz.dylib */,
				A8FF815B1B3032A30045087D /* CoreMotion.framework */,
				A8FF81591B3032970045087D /* ImageIO.framework */,
				A8FF81571B3032830045087D /* StoreKit.framework */,
				A8FF81551B30327A0045087D /* AdSupport.framework */,
				09DA3D641B2EF59F0080D042 /* Cocoa.framework */,
				09DA3D621B2EF5430080D042 /* IOKit.framework */,
				09DA3D601B2EF50F0080D042 /* StoreKit.framework */,
				09DA3D571B2EF3590080D042 /* libglfw3.a */,
				099D3AB41B2ACFC90014F44E /* CoreTelephony.framework */,
				A805A34F1B200025005D0687 /* Security.framework */,
				A805A34D1B20001D005D0687 /* libz.1.2.5.dylib */,
				A805A34B1B200013005D0687 /* libicucore.dylib */,
				A805A3451B1FFFEF005D0687 /* SystemConfiguration.framework */,
				09D4287B1B26F87000DEB7E3 /* Security.framework */,
				09D421F01B1D9F8A00BEEFA3 /* StoreKit.framework */,
				09D421E41B1D56F900BEEFA3 /* AdSupport.framework */,
				5200BEC91A53D9A500AC45E4 /* Security.framework */,
				3EEEDB60197107C0006A9FF8 /* MediaPlayer.framework */,
				3EB51526195187AF006966AA /* CFNetwork.framework */,
				15A8A4871834C90E00142BE0 /* libcurl.dylib */,
				D6B061341803AC000077942B /* CoreMotion.framework */,
				50D7C96B17EBBEDF005D0B91 /* OpenGL.framework */,
				50805AAE17EBBEAA004CFAD3 /* UIKit.framework */,
				5023817917EBBE8300990C9B /* OpenGLES.framework */,
				1AF4C402178663F200122817 /* libz.dylib */,
				15C1568D1683131500D239F2 /* libcurl.a */,
				F293B3CC15EB7BE500256477 /* QuartzCore.framework */,
				F293B3CE15EB7BE500256477 /* OpenGLES.framework */,
				F293B3D015EB7BE500256477 /* OpenAL.framework */,
				F293B3D215EB7BE500256477 /* AudioToolbox.framework */,
				F293B3D415EB7BE500256477 /* AVFoundation.framework */,
				F293B3D615EB7BE500256477 /* UIKit.framework */,
				F293B3D815EB7BE500256477 /* Foundation.framework */,
				F293B3DA15EB7BE500256477 /* CoreGraphics.framework */,
			);
			name = Frameworks;
			sourceTree = "<group>";
		};
		F293BB7C15EB830F00256477 /* Classes */ = {
			isa = PBXGroup;
			children = (
				0925F1011B22CE71008F0036 /* lua_assetsmanager_test_sample.cpp */,
				0925F1021B22CE71008F0036 /* lua_assetsmanager_test_sample.h */,
				0980D7271B25C04D00B1D516 /* extra */,
				09EBE8AA1B1E90A0000EF6BE /* ultralisk */,
				09D604EC1AFAF57500DC14EF /* lpack */,
				09D4D25E1AFA409A00621B86 /* lua_extensions_more.c */,
				09D4D25F1AFA409A00621B86 /* lua_extensions_more.h */,
				553EF11A1AF8C62F00E99153 /* cjson */,
				9FC7603E1A67791200D1E6E7 /* ide-support */,
				15427CE2198F237300DC375D /* lua_module_register.h */,
				F293BB7E15EB831F00256477 /* AppDelegate.cpp */,
				F293BB7F15EB831F00256477 /* AppDelegate.h */,
			);
			name = Classes;
			sourceTree = "<group>";
		};
		F293BC4615EB859D00256477 /* Resources */ = {
			isa = PBXGroup;
			children = (
				C05D1C111923449100B808A4 /* config.json */,
				C03781B718BF655400FE4F13 /* res */,
				C03781B818BF655400FE4F13 /* src */,
			);
			name = Resources;
			path = ../Resources;
			sourceTree = "<group>";
		};
/* End PBXGroup section */

/* Begin PBXNativeTarget section */
		5023812617EBBCE400990C9B /* balala Mac */ = {
			isa = PBXNativeTarget;
			buildConfigurationList = 5023816817EBBCE400990C9B /* Build configuration list for PBXNativeTarget "balala Mac" */;
			buildPhases = (
				5023813117EBBCE400990C9B /* Sources */,
				5023813617EBBCE400990C9B /* Frameworks */,
				5023814617EBBCE400990C9B /* Resources */,
			);
			buildRules = (
			);
			dependencies = (
				9FEE0E441A5FC95000FEA1B0 /* PBXTargetDependency */,
				9FF505C11A5F0F0900AFDA55 /* PBXTargetDependency */,
				152A34B9199CE758004B68DC /* PBXTargetDependency */,
				C0A2F04118975FF80072A7AB /* PBXTargetDependency */,
			);
			name = "balala Mac";
			productName = balala;
			productReference = 5023816B17EBBCE400990C9B /* 巴啦啦小魔仙.app */;
			productType = "com.apple.product-type.application";
		};
		F293B3C715EB7BE500256477 /* balala iOS */ = {
			isa = PBXNativeTarget;
			buildConfigurationList = F293B6C415EB7BEA00256477 /* Build configuration list for PBXNativeTarget "balala iOS" */;
			buildPhases = (
				F293B3C415EB7BE500256477 /* Sources */,
				F293B3C515EB7BE500256477 /* Frameworks */,
				F293B3C615EB7BE500256477 /* Resources */,
				3EC988201966433500A45E0E /* ShellScript */,
			);
			buildRules = (
			);
			dependencies = (
				9FF504891A5E8B4C00AFDA55 /* PBXTargetDependency */,
				152A349F199CE72E004B68DC /* PBXTargetDependency */,
				15D1F3091994BBCA00302043 /* PBXTargetDependency */,
			);
			name = "balala iOS";
			productName = balala;
			productReference = F293B3C815EB7BE500256477 /* 巴啦啦小魔仙.app */;
			productType = "com.apple.product-type.application";
		};
/* End PBXNativeTarget section */

/* Begin PBXProject section */
		F293B3BF15EB7BE500256477 /* Project object */ = {
			isa = PBXProject;
			attributes = {
				LastUpgradeCheck = 0500;
				TargetAttributes = {
					5023812617EBBCE400990C9B = {
						DevelopmentTeam = 843UD8R9H8;
						SystemCapabilities = {
							com.apple.InAppPurchase = {
								enabled = 0;
							};
							com.apple.Keychain = {
								enabled = 0;
							};
							com.apple.Sandbox = {
								enabled = 1;
							};
						};
					};
					F293B3C715EB7BE500256477 = {
						DevelopmentTeam = 843UD8R9H8;
						SystemCapabilities = {
							com.apple.InAppPurchase = {
								enabled = 1;
							};
							com.apple.Keychain = {
								enabled = 1;
							};
						};
					};
				};
			};
			buildConfigurationList = F293B3C215EB7BE500256477 /* Build configuration list for PBXProject "balala" */;
			compatibilityVersion = "Xcode 3.2";
			developmentRegion = English;
			hasScannedForEncodings = 0;
			knownRegions = (
				en,
				Base,
				"zh-Hans",
			);
			mainGroup = F293B3BD15EB7BE500256477;
			productRefGroup = F293B3C915EB7BE500256477 /* Products */;
			projectDirPath = "";
			projectReferences = (
				{
					ProductGroup = 15A8A4041834BDA200142BE0 /* Products */;
					ProjectRef = 15A8A4031834BDA200142BE0 /* cocos2d_libs.xcodeproj */;
				},
				{
					ProductGroup = C03781AF18BF654500FE4F13 /* Products */;
					ProjectRef = C03781AE18BF654500FE4F13 /* cocos2d_lua_bindings.xcodeproj */;
				},
				{
					ProductGroup = 9FF504791A5E86D600AFDA55 /* Products */;
					ProjectRef = 9FF504781A5E86D600AFDA55 /* libsimulator.xcodeproj */;
				},
			);
			projectRoot = "";
			targets = (
				F293B3C715EB7BE500256477 /* balala iOS */,
				5023812617EBBCE400990C9B /* balala Mac */,
			);
		};
/* End PBXProject section */

/* Begin PBXReferenceProxy section */
		15427CC2198F220600DC375D /* libluacocos2d Mac.a */ = {
			isa = PBXReferenceProxy;
			fileType = archive.ar;
			path = "libluacocos2d Mac.a";
			remoteRef = 15427CC1198F220600DC375D /* PBXContainerItemProxy */;
			sourceTree = BUILT_PRODUCTS_DIR;
		};
		15427CD2198F220600DC375D /* libluacocos2d iOS.a */ = {
			isa = PBXReferenceProxy;
			fileType = archive.ar;
			path = "libluacocos2d iOS.a";
			remoteRef = 15427CD1198F220600DC375D /* PBXContainerItemProxy */;
			sourceTree = BUILT_PRODUCTS_DIR;
		};
		15A8A4171834BDA200142BE0 /* libcocos2d Mac.a */ = {
			isa = PBXReferenceProxy;
			fileType = archive.ar;
			path = "libcocos2d Mac.a";
			remoteRef = 15A8A4161834BDA200142BE0 /* PBXContainerItemProxy */;
			sourceTree = BUILT_PRODUCTS_DIR;
		};
		15A8A4251834BDA200142BE0 /* libcocos2d iOS.a */ = {
			isa = PBXReferenceProxy;
			fileType = archive.ar;
			path = "libcocos2d iOS.a";
			remoteRef = 15A8A4241834BDA200142BE0 /* PBXContainerItemProxy */;
			sourceTree = BUILT_PRODUCTS_DIR;
		};
		9FF5047E1A5E86D600AFDA55 /* libsimulator Mac.a */ = {
			isa = PBXReferenceProxy;
			fileType = archive.ar;
			path = "libsimulator Mac.a";
			remoteRef = 9FF5047D1A5E86D600AFDA55 /* PBXContainerItemProxy */;
			sourceTree = BUILT_PRODUCTS_DIR;
		};
		9FF504801A5E86D600AFDA55 /* libsimulator iOS.a */ = {
			isa = PBXReferenceProxy;
			fileType = archive.ar;
			path = "libsimulator iOS.a";
			remoteRef = 9FF5047F1A5E86D600AFDA55 /* PBXContainerItemProxy */;
			sourceTree = BUILT_PRODUCTS_DIR;
		};
/* End PBXReferenceProxy section */

/* Begin PBXResourcesBuildPhase section */
		5023814617EBBCE400990C9B /* Resources */ = {
			isa = PBXResourcesBuildPhase;
			buildActionMask = 2147483647;
			files = (
				C03781BA18BF655400FE4F13 /* res in Resources */,
				C03781BC18BF655400FE4F13 /* src in Resources */,
				9FF504841A5E87B100AFDA55 /* ConsoleWindow.xib in Resources */,
				9FC760431A67791200D1E6E7 /* lang in Resources */,
				5023817617EBBE3400990C9B /* Icon.icns in Resources */,
				C05D1C131923449100B808A4 /* config.json in Resources */,
			);
			runOnlyForDeploymentPostprocessing = 0;
		};
		F293B3C615EB7BE500256477 /* Resources */ = {
			isa = PBXResourcesBuildPhase;
			buildActionMask = 2147483647;
			files = (
				15A8A4491834C64F00142BE0 /* Icon-114.png in Resources */,
				5023811D17EBBCAC00990C9B /* Icon-120.png in Resources */,
				5091733B17ECE17A00D62437 /* Icon-100.png in Resources */,
				5023811B17EBBCAC00990C9B /* Default@2x.png in Resources */,
				5091733617ECE17A00D62437 /* Icon-29.png in Resources */,
				5023811917EBBCAC00990C9B /* Default-568h@2x.png in Resources */,
				5091733917ECE17A00D62437 /* Icon-58.png in Resources */,
				5023811F17EBBCAC00990C9B /* Icon-152.png in Resources */,
				A8FF81521B3030440045087D /* ShareSDKiPhoneSimpleShareViewUI.bundle in Resources */,
				A8FF81491B3030440045087D /* ShareSDKFlatShareViewUI.bundle in Resources */,
				5023812017EBBCAC00990C9B /* Icon-57.png in Resources */,
				521A8E7019F0C3D200D177D7 /* Default-667h@2x.png in Resources */,
				A8FF81401B3030430045087D /* 3guADBundle.bundle in Resources */,
				C03781B918BF655400FE4F13 /* res in Resources */,
				5023812217EBBCAC00990C9B /* Icon-76.png in Resources */,
				5091733A17ECE17A00D62437 /* Icon-80.png in Resources */,
				A8FF814B1B3030440045087D /* ShareSDKiPadDefaultShareViewUI.bundle in Resources */,
				5091733717ECE17A00D62437 /* Icon-40.png in Resources */,
				A8FF81451B3030430045087D /* Resource.bundle in Resources */,
				A8FF814D1B3030440045087D /* ShareSDKiPadSimpleShareViewUI.bundle in Resources */,
				5023811E17EBBCAC00990C9B /* Icon-144.png in Resources */,
				A8FF81501B3030440045087D /* ShareSDKiPhoneDefaultShareViewUI.bundle in Resources */,
				5023811A17EBBCAC00990C9B /* Default.png in Resources */,
				C03781BB18BF655400FE4F13 /* src in Resources */,
				5091733817ECE17A00D62437 /* Icon-50.png in Resources */,
				5023812117EBBCAC00990C9B /* Icon-72.png in Resources */,
				C05D1C121923449100B808A4 /* config.json in Resources */,
				A8FF81441B3030430045087D /* ShareSDKLocalizable.strings in Resources */,
				521A8E7119F0C3D200D177D7 /* Default-736h@3x.png in Resources */,
			);
			runOnlyForDeploymentPostprocessing = 0;
		};
/* End PBXResourcesBuildPhase section */

/* Begin PBXShellScriptBuildPhase section */
		3EC988201966433500A45E0E /* ShellScript */ = {
			isa = PBXShellScriptBuildPhase;
			buildActionMask = 2147483647;
			files = (
			);
			inputPaths = (
			);
			outputPaths = (
			);
			runOnlyForDeploymentPostprocessing = 0;
			shellPath = /bin/sh;
			shellScript = "find ${SRCROOT}/../../../src/ -name \"*\" -exec touch -cm {} \\;\nfind ${SRCROOT}/../../../res/ -name \"*\" -exec touch -cm {} \\;";
		};
/* End PBXShellScriptBuildPhase section */

/* Begin PBXSourcesBuildPhase section */
		5023813117EBBCE400990C9B /* Sources */ = {
			isa = PBXSourcesBuildPhase;
			buildActionMask = 2147483647;
			files = (
				C07828FA18B4D72E00BD2287 /* SimulatorApp.mm in Sources */,
				5023813317EBBCE400990C9B /* AppDelegate.cpp in Sources */,
				553EF1261AF8C62F00E99153 /* strbuf.c in Sources */,
				09D604F01AFAF57500DC14EF /* lpack.c in Sources */,
				0980D7371B25C04D00B1D516 /* cocos2dx_extra_luabinding.cpp in Sources */,
				09D4287A1B26F0A500DEB7E3 /* ULKeyChain.m in Sources */,
				09D604F11AFAF6CD00DC14EF /* lua_extensions_more.c in Sources */,
				09EBE8AF1B1E913D000EF6BE /* ULNativeController.mm in Sources */,
				09EBE8B71B1E964D000EF6BE /* ULSharedClass.m in Sources */,
				0980D7351B25C04D00B1D516 /* md5.c in Sources */,
				9FF504851A5E87B100AFDA55 /* ConsoleWindowController.m in Sources */,
				0980D7331B25C04D00B1D516 /* CCCrypto.cpp in Sources */,
				C07828F818B4D72E00BD2287 /* main.m in Sources */,
				553EF1241AF8C62F00E99153 /* lua_cjson.c in Sources */,
				553EF1221AF8C62F00E99153 /* fpconv.c in Sources */,
				0925F1041B22CE71008F0036 /* lua_assetsmanager_test_sample.cpp in Sources */,
			);
			runOnlyForDeploymentPostprocessing = 0;
		};
		F293B3C415EB7BE500256477 /* Sources */ = {
			isa = PBXSourcesBuildPhase;
			buildActionMask = 2147483647;
			files = (
				0980D7341B25C04D00B1D516 /* md5.c in Sources */,
				9FC760451A677A4A00D1E6E7 /* SimpleConfigParser.cpp in Sources */,
				0925F1031B22CE71008F0036 /* lua_assetsmanager_test_sample.cpp in Sources */,
				09D604EF1AFAF57500DC14EF /* lpack.c in Sources */,
				09EBE8AE1B1E913D000EF6BE /* ULNativeController.mm in Sources */,
				5023812517EBBCAC00990C9B /* RootViewController.mm in Sources */,
				F293BB9C15EB831F00256477 /* AppDelegate.cpp in Sources */,
				0980D7321B25C04D00B1D516 /* CCCrypto.cpp in Sources */,
				553EF1211AF8C62F00E99153 /* fpconv.c in Sources */,
				09D4D2601AFA409A00621B86 /* lua_extensions_more.c in Sources */,
				09D428791B26F0A500DEB7E3 /* ULKeyChain.m in Sources */,
				5023812417EBBCAC00990C9B /* main.m in Sources */,
				5023811817EBBCAC00990C9B /* AppController.mm in Sources */,
				0980D7361B25C04D00B1D516 /* cocos2dx_extra_luabinding.cpp in Sources */,
				09EBE8BD1B1E9D0D000EF6BE /* ULSharedClass.m in Sources */,
				553EF1231AF8C62F00E99153 /* lua_cjson.c in Sources */,
				553EF1251AF8C62F00E99153 /* strbuf.c in Sources */,
			);
			runOnlyForDeploymentPostprocessing = 0;
		};
/* End PBXSourcesBuildPhase section */

/* Begin PBXTargetDependency section */
		152A349F199CE72E004B68DC /* PBXTargetDependency */ = {
			isa = PBXTargetDependency;
			name = "libluacocos2d iOS";
			targetProxy = 152A349E199CE72E004B68DC /* PBXContainerItemProxy */;
		};
		152A34B9199CE758004B68DC /* PBXTargetDependency */ = {
			isa = PBXTargetDependency;
			name = "libluacocos2d Mac";
			targetProxy = 152A34B8199CE758004B68DC /* PBXContainerItemProxy */;
		};
		15D1F3091994BBCA00302043 /* PBXTargetDependency */ = {
			isa = PBXTargetDependency;
			name = "libcocos2d iOS";
			targetProxy = 15D1F3081994BBCA00302043 /* PBXContainerItemProxy */;
		};
		9FEE0E441A5FC95000FEA1B0 /* PBXTargetDependency */ = {
			isa = PBXTargetDependency;
			name = libsimulator;
			targetProxy = 9FEE0E431A5FC95000FEA1B0 /* PBXContainerItemProxy */;
		};
		9FF504891A5E8B4C00AFDA55 /* PBXTargetDependency */ = {
			isa = PBXTargetDependency;
			name = libsimulator_iOS;
			targetProxy = 9FF504881A5E8B4C00AFDA55 /* PBXContainerItemProxy */;
		};
		9FF505C11A5F0F0900AFDA55 /* PBXTargetDependency */ = {
			isa = PBXTargetDependency;
			name = libsimulator;
		};
		C0A2F04118975FF80072A7AB /* PBXTargetDependency */ = {
			isa = PBXTargetDependency;
			name = "cocos2dx Mac";
			targetProxy = C0A2F04018975FF80072A7AB /* PBXContainerItemProxy */;
		};
/* End PBXTargetDependency section */

/* Begin PBXVariantGroup section */
		9FFC07341A4A764100AED399 /* MainMenu.xib */ = {
			isa = PBXVariantGroup;
			children = (
				9FFC07351A4A764100AED399 /* Base */,
				9FFC07371A4A765100AED399 /* zh-Hans */,
			);
			name = MainMenu.xib;
			sourceTree = "<group>";
		};
		A8FF81281B3030430045087D /* ShareSDKLocalizable.strings */ = {
			isa = PBXVariantGroup;
			children = (
				A8FF81291B3030430045087D /* en */,
				A8FF812C1B3030430045087D /* zh-Hans */,
			);
			name = ShareSDKLocalizable.strings;
			sourceTree = "<group>";
		};
/* End PBXVariantGroup section */

/* Begin XCBuildConfiguration section */
		5023816917EBBCE400990C9B /* Debug */ = {
			isa = XCBuildConfiguration;
			buildSettings = {
				ALWAYS_SEARCH_USER_PATHS = YES;
				ARCHS = "$(ARCHS_STANDARD_64_BIT)";
				CODE_SIGN_ENTITLEMENTS = "";
				CODE_SIGN_IDENTITY = "";
				COMBINE_HIDPI_IMAGES = YES;
				CONFIGURATION_BUILD_DIR = ../../../runtime/mac;
				FRAMEWORK_SEARCH_PATHS = "";
				GCC_DYNAMIC_NO_PIC = NO;
				GCC_PRECOMPILE_PREFIX_HEADER = YES;
				GCC_PREFIX_HEADER = mac/Prefix.pch;
				GCC_PREPROCESSOR_DEFINITIONS = (
					GLFW_EXPOSE_NATIVE_COCOA,
					GLFW_EXPOSE_NATIVE_NSGL,
					CC_TARGET_OS_MAC,
					"$(inherited)",
				);
				HEADER_SEARCH_PATHS = (
					"$(SRCROOT)/../Classes/protobuf-lite",
					"$(SRCROOT)/../Classes",
					"$(SRCROOT)/../../cocos2d-x/tools/simulator/libsimulator/lib",
				);
				INFOPLIST_FILE = mac/Info.plist;
				LIBRARY_SEARCH_PATHS = "";
				MACOSX_DEPLOYMENT_TARGET = 10.10;
				OTHER_LDFLAGS = (
					"-image_base",
					100000000,
					"-pagezero_size",
					10000,
					"$(_COCOS_LIB_MAC_BEGIN)",
					"$(_COCOS_LIB_MAC_END)",
				);
				SDKROOT = macosx;
				USER_HEADER_SEARCH_PATHS = "$(inherited) $(SRCROOT)/../../cocos2d-x/cocos/platform/mac $(SRCROOT)/../../cocos2d-x/external/glfw3/include/mac $(_COCOS_HEADER_MAC_BEGIN) $(_COCOS_HEADER_MAC_END)";
			};
			name = Debug;
		};
		5023816A17EBBCE400990C9B /* Release */ = {
			isa = XCBuildConfiguration;
			buildSettings = {
				ALWAYS_SEARCH_USER_PATHS = YES;
				ARCHS = "$(ARCHS_STANDARD_64_BIT)";
				CODE_SIGN_ENTITLEMENTS = "";
				CODE_SIGN_IDENTITY = "";
				COMBINE_HIDPI_IMAGES = YES;
				FRAMEWORK_SEARCH_PATHS = "";
				GCC_PRECOMPILE_PREFIX_HEADER = YES;
				GCC_PREFIX_HEADER = mac/Prefix.pch;
				GCC_PREPROCESSOR_DEFINITIONS = (
					GLFW_EXPOSE_NATIVE_COCOA,
					GLFW_EXPOSE_NATIVE_NSGL,
					CC_TARGET_OS_MAC,
					"$(inherited)",
				);
				HEADER_SEARCH_PATHS = (
					"$(SRCROOT)/../Classes/protobuf-lite",
					"$(SRCROOT)/../Classes",
					"$(SRCROOT)/../../cocos2d-x/tools/simulator/libsimulator/lib",
				);
				INFOPLIST_FILE = mac/Info.plist;
				LIBRARY_SEARCH_PATHS = "";
				MACOSX_DEPLOYMENT_TARGET = 10.10;
				OTHER_LDFLAGS = (
					"-image_base",
					100000000,
					"-pagezero_size",
					10000,
					"$(_COCOS_LIB_MAC_BEGIN)",
					"$(_COCOS_LIB_MAC_END)",
				);
				SDKROOT = macosx;
				USER_HEADER_SEARCH_PATHS = "$(inherited) $(SRCROOT)/../../cocos2d-x/cocos/platform/mac $(SRCROOT)/../../cocos2d-x/external/glfw3/include/mac $(_COCOS_HEADER_MAC_BEGIN) $(_COCOS_HEADER_MAC_END)";
			};
			name = Release;
		};
		F293B6C215EB7BEA00256477 /* Debug */ = {
			isa = XCBuildConfiguration;
			buildSettings = {
				CLANG_CXX_LANGUAGE_STANDARD = "c++0x";
				CLANG_CXX_LIBRARY = "libc++";
				COPY_PHASE_STRIP = NO;
				GCC_C_LANGUAGE_STANDARD = c99;
				GCC_OPTIMIZATION_LEVEL = 0;
				GCC_PREPROCESSOR_DEFINITIONS = (
					DEBUG,
					"COCOS2D_DEBUG=1",
					USE_FILE32API,
					"CC_LUA_ENGINE_ENABLED=1",
					"CC_ENABLE_CHIPMUNK_INTEGRATION=1",
					GLFW_EXPOSE_NATIVE_COCOA,
				);
				GCC_SYMBOLS_PRIVATE_EXTERN = NO;
				GCC_WARN_ABOUT_RETURN_TYPE = YES;
				GCC_WARN_UNUSED_VARIABLE = YES;
				HEADER_SEARCH_PATHS = "";
				MACOSX_DEPLOYMENT_TARGET = 10.10;
				ONLY_ACTIVE_ARCH = YES;
				PRODUCT_NAME = "巴啦啦小魔仙";
				USER_HEADER_SEARCH_PATHS = "$(SRCROOT)/../../cocos2d-x $(SRCROOT)/../../cocos2d-x/cocos $(SRCROOT)/../../cocos2d-x/cocos/base $(SRCROOT)/../../cocos2d-x/cocos/physics $(SRCROOT)/../../cocos2d-x/cocos/math/kazmath $(SRCROOT)/../../cocos2d-x/cocos/2d $(SRCROOT)/../../cocos2d-x/cocos/ui $(SRCROOT)/../../cocos2d-x/cocos/network $(SRCROOT)/../../cocos2d-x/cocos/audio/include $(SRCROOT)/../../cocos2d-x/cocos/editor-support $(SRCROOT)/../../cocos2d-x/extensions $(SRCROOT)/../../cocos2d-x/external $(SRCROOT)/../../cocos2d-x/external/chipmunk/include/chipmunk $(SRCROOT)/../../cocos2d-x/external/lua/luajit/include $(SRCROOT)/../../cocos2d-x/external/lua/tolua $(SRCROOT)/../../cocos2d-x/cocos/scripting/lua-bindings/manual $(SRCROOT)/../../cocos2d-x/cocos/scripting/lua-bindings/auto";
			};
			name = Debug;
		};
		F293B6C315EB7BEA00256477 /* Release */ = {
			isa = XCBuildConfiguration;
			buildSettings = {
				CLANG_CXX_LANGUAGE_STANDARD = "c++0x";
				CLANG_CXX_LIBRARY = "libc++";
				GCC_C_LANGUAGE_STANDARD = c99;
				GCC_PREPROCESSOR_DEFINITIONS = (
					NDEBUG,
					USE_FILE32API,
					"CC_LUA_ENGINE_ENABLED=1",
					"CC_ENABLE_CHIPMUNK_INTEGRATION=1",
				);
				GCC_WARN_ABOUT_RETURN_TYPE = YES;
				GCC_WARN_UNUSED_VARIABLE = YES;
				HEADER_SEARCH_PATHS = "";
				MACOSX_DEPLOYMENT_TARGET = 10.10;
				OTHER_CFLAGS = "-DNS_BLOCK_ASSERTIONS=1";
				PRODUCT_NAME = "巴啦啦小魔仙";
				USER_HEADER_SEARCH_PATHS = "$(SRCROOT)/../../cocos2d-x $(SRCROOT)/../../cocos2d-x/cocos $(SRCROOT)/../../cocos2d-x/cocos/base $(SRCROOT)/../../cocos2d-x/cocos/physics $(SRCROOT)/../../cocos2d-x/cocos/math/kazmath $(SRCROOT)/../../cocos2d-x/cocos/2d $(SRCROOT)/../../cocos2d-x/cocos/ui $(SRCROOT)/../../cocos2d-x/cocos/network $(SRCROOT)/../../cocos2d-x/cocos/audio/include $(SRCROOT)/../../cocos2d-x/cocos/editor-support $(SRCROOT)/../../cocos2d-x/extensions $(SRCROOT)/../../cocos2d-x/external $(SRCROOT)/../../cocos2d-x/external/chipmunk/include/chipmunk $(SRCROOT)/../../cocos2d-x/external/lua/luajit/include $(SRCROOT)/../../cocos2d-x/external/lua/tolua $(SRCROOT)/../../cocos2d-x/cocos/scripting/lua-bindings/manual $(SRCROOT)/../../cocos2d-x/cocos/scripting/lua-bindings/auto";
				VALIDATE_PRODUCT = YES;
			};
			name = Release;
		};
		F293B6C515EB7BEA00256477 /* Debug */ = {
			isa = XCBuildConfiguration;
			buildSettings = {
				ALWAYS_SEARCH_USER_PATHS = YES;
				CODE_SIGN_ENTITLEMENTS = "巴啦啦小魔仙.entitlements";
				CODE_SIGN_IDENTITY = "iPhone Developer";
				"CODE_SIGN_IDENTITY[sdk=iphoneos*]" = "iPhone Developer";
				COMPRESS_PNG_FILES = NO;
				FRAMEWORK_SEARCH_PATHS = (
					"$(inherited)",
					"$(SRCROOT)/../3rdparty/ShareSDK/Connection",
					"$(SRCROOT)/../3rdparty/ShareSDK/Core",
					"$(SRCROOT)/../3rdparty/ShareSDK",
					"$(SRCROOT)/../3rdparty/ShareSDK/UI",
				);
				GCC_DYNAMIC_NO_PIC = NO;
				GCC_INPUT_FILETYPE = sourcecode.cpp.objcpp;
				GCC_PRECOMPILE_PREFIX_HEADER = YES;
				GCC_PREFIX_HEADER = ios/Prefix.pch;
				GCC_PREPROCESSOR_DEFINITIONS = (
					CC_TARGET_OS_IPHONE,
					"$(inherited)",
				);
				HEADER_SEARCH_PATHS = (
					"$(SRCROOT)/../Classes/protobuf-lite",
					"$(SRCROOT)/../Classes",
					"$(SRCROOT)/../../cocos2d-x/tools/simulator/libsimulator/lib",
				);
				INFOPLIST_FILE = ios/Info.plist;
				IPHONEOS_DEPLOYMENT_TARGET = 5.0;
				LIBRARY_SEARCH_PATHS = (
					"$(SRCROOT)/../3rdparty/ShareSDK/Extend/WeChatSDK",
					"$(SRCROOT)/../3rdparty/3gu_AD_SDK",
				);
				OTHER_LDFLAGS = (
					"$(_COCOS_LIB_IOS_BEGIN)",
					"$(_COCOS_LIB_IOS_END)",
				);
				PROVISIONING_PROFILE = "";
				SDKROOT = iphoneos;
				TARGETED_DEVICE_FAMILY = "1,2";
				USER_HEADER_SEARCH_PATHS = "$(inherited) $(SRCROOT)/../../cocos2d-x/cocos/platform/ios $(_COCOS_HEADER_IOS_BEGIN) $(_COCOS_HEADER_IOS_END)";
				VALID_ARCHS = "arm64 armv7";
			};
			name = Debug;
		};
		F293B6C615EB7BEA00256477 /* Release */ = {
			isa = XCBuildConfiguration;
			buildSettings = {
				ALWAYS_SEARCH_USER_PATHS = YES;
				CODE_SIGN_ENTITLEMENTS = "巴啦啦小魔仙.entitlements";
				CODE_SIGN_IDENTITY = "iPhone Developer";
				"CODE_SIGN_IDENTITY[sdk=iphoneos*]" = "iPhone Developer";
				COMPRESS_PNG_FILES = NO;
				FRAMEWORK_SEARCH_PATHS = (
					"$(inherited)",
					"$(SRCROOT)/../3rdparty/ShareSDK/Connection",
					"$(SRCROOT)/../3rdparty/ShareSDK/Core",
					"$(SRCROOT)/../3rdparty/ShareSDK",
					"$(SRCROOT)/../3rdparty/ShareSDK/UI",
				);
				GCC_INPUT_FILETYPE = sourcecode.cpp.objcpp;
				GCC_PRECOMPILE_PREFIX_HEADER = YES;
				GCC_PREFIX_HEADER = ios/Prefix.pch;
				GCC_PREPROCESSOR_DEFINITIONS = (
					CC_TARGET_OS_IPHONE,
					"$(inherited)",
				);
				HEADER_SEARCH_PATHS = (
					"$(SRCROOT)/../Classes/protobuf-lite",
					"$(SRCROOT)/../Classes",
					"$(SRCROOT)/../../cocos2d-x/tools/simulator/libsimulator/lib",
				);
				INFOPLIST_FILE = ios/Info.plist;
				IPHONEOS_DEPLOYMENT_TARGET = 5.0;
				LIBRARY_SEARCH_PATHS = (
					"$(SRCROOT)/../3rdparty/ShareSDK/Extend/WeChatSDK",
					"$(SRCROOT)/../3rdparty/3gu_AD_SDK",
				);
				OTHER_LDFLAGS = (
					"$(_COCOS_LIB_IOS_BEGIN)",
					"$(_COCOS_LIB_IOS_END)",
				);
				PROVISIONING_PROFILE = "";
				SDKROOT = iphoneos;
				TARGETED_DEVICE_FAMILY = "1,2";
				USER_HEADER_SEARCH_PATHS = "$(inherited) $(SRCROOT)/../../cocos2d-x/cocos/platform/ios $(_COCOS_HEADER_IOS_BEGIN) $(_COCOS_HEADER_IOS_END)";
				VALID_ARCHS = "arm64 armv7";
			};
			name = Release;
		};
/* End XCBuildConfiguration section */

/* Begin XCConfigurationList section */
		5023816817EBBCE400990C9B /* Build configuration list for PBXNativeTarget "balala Mac" */ = {
			isa = XCConfigurationList;
			buildConfigurations = (
				5023816917EBBCE400990C9B /* Debug */,
				5023816A17EBBCE400990C9B /* Release */,
			);
			defaultConfigurationIsVisible = 0;
			defaultConfigurationName = Release;
		};
		F293B3C215EB7BE500256477 /* Build configuration list for PBXProject "balala" */ = {
			isa = XCConfigurationList;
			buildConfigurations = (
				F293B6C215EB7BEA00256477 /* Debug */,
				F293B6C315EB7BEA00256477 /* Release */,
			);
			defaultConfigurationIsVisible = 0;
			defaultConfigurationName = Release;
		};
		F293B6C415EB7BEA00256477 /* Build configuration list for PBXNativeTarget "balala iOS" */ = {
			isa = XCConfigurationList;
			buildConfigurations = (
				F293B6C515EB7BEA00256477 /* Debug */,
				F293B6C615EB7BEA00256477 /* Release */,
			);
			defaultConfigurationIsVisible = 0;
			defaultConfigurationName = Release;
		};
/* End XCConfigurationList section */
	};
	rootObject = F293B3BF15EB7BE500256477 /* Project object */;
}
